PODS:
  - EasyMapping (0.24.0):
    - EasyMapping/Core (= 0.24.0)
  - EasyMapping/Core (0.24.0)
  - Expecta (1.0.6)
  - Kingfisher/Core (5.15.8)
  - Kingfisher/SwiftUI (5.15.8):
    - Kingfisher/Core
  - Mixpanel (4.1.6)
  - OCMock (3.4.3)
  - SDWebImage (5.12.5):
    - SDWebImage/Core (= 5.12.5)
  - SDWebImage/Core (5.12.5)
  - Sentry (7.12.0):
    - Sentry/Core (= 7.12.0)
  - Sentry/Core (7.12.0)

DEPENDENCIES:
  - EasyMapping
  - Expecta (~> 1.0.6)
  - Kingfisher/SwiftUI
  - Mixpanel
  - OCMock (~> 3.4.3)
  - SDWebImage (~> 5.0)
  - Sentry (from `https://github.com/getsentry/sentry-cocoa.git`, tag `7.12.0`)

SPEC REPOS:
  trunk:
    - EasyMapping
    - Expecta
    - Kingfisher
    - Mixpanel
    - OCMock
    - SDWebImage

EXTERNAL SOURCES:
  Sentry:
    :git: https://github.com/getsentry/sentry-cocoa.git
    :tag: 7.12.0

CHECKOUT OPTIONS:
  Sentry:
    :git: https://github.com/getsentry/sentry-cocoa.git
    :tag: 7.12.0

SPEC CHECKSUMS:
  EasyMapping: a86b28c64613e3b5784e05c42a40da7b103ef41c
  Expecta: 3b6bd90a64b9a1dcb0b70aa0e10a7f8f631667d5
  Kingfisher: a3c03d702433fa6cfedabb2bddbe076fb8f2e902
  Mixpanel: 98578ca87dc11fe948555bfcdd7382711de7a206
  OCMock: 43565190abc78977ad44a61c0d20d7f0784d35ab
  SDWebImage: 0905f1b7760fc8ac4198cae0036600d67478751e
  Sentry: d2f889ed77bd7f8c51b1934dbabddbc553790630

PODFILE CHECKSUM: 3673f792a9b737a764674ae561740929a18d1e74

COCOAPODS: 1.11.2
