// !$*UTF8*$!
{
	archiveVersion = 1;
	classes = {
	};
	objectVersion = 50;
	objects = {

/* Begin PBXBuildFile section */
		0E02C9AE22103ED100FCFE17 /* BRLogsDataSource.m in Sources */ = {isa = PBXBuildFile; fileRef = 0E02C9AD22103ED100FCFE17 /* BRLogsDataSource.m */; };
		0E02C9AF22103ED100FCFE17 /* BRLogsDataSource.m in Sources */ = {isa = PBXBuildFile; fileRef = 0E02C9AD22103ED100FCFE17 /* BRLogsDataSource.m */; };
		0E1E9F22227D81E7002F7ED1 /* BRAnalytics.m in Sources */ = {isa = PBXBuildFile; fileRef = 0E1E9F21227D81E7002F7ED1 /* BRAnalytics.m */; };
		0E1E9F23227D81E7002F7ED1 /* BRAnalytics.m in Sources */ = {isa = PBXBuildFile; fileRef = 0E1E9F21227D81E7002F7ED1 /* BRAnalytics.m */; };
		0E1ED8F322282B3200A432B1 /* BRLogStatusView.m in Sources */ = {isa = PBXBuildFile; fileRef = 0E1ED8F222282B3200A432B1 /* BRLogStatusView.m */; };
		0E1ED8F422282B3200A432B1 /* BRLogStatusView.m in Sources */ = {isa = PBXBuildFile; fileRef = 0E1ED8F222282B3200A432B1 /* BRLogStatusView.m */; };
		0E1ED8F722282C3400A432B1 /* BRLogsWindowController.m in Sources */ = {isa = PBXBuildFile; fileRef = 0E1ED8F622282C3400A432B1 /* BRLogsWindowController.m */; };
		0E1ED8F822282C3400A432B1 /* BRLogsWindowController.m in Sources */ = {isa = PBXBuildFile; fileRef = 0E1ED8F622282C3400A432B1 /* BRLogsWindowController.m */; };
		0E30344621CEDDD0001757C0 /* BRSettingsMenuController.m in Sources */ = {isa = PBXBuildFile; fileRef = 0E30344521CEDDD0001757C0 /* BRSettingsMenuController.m */; };
		0E30344921CEE218001757C0 /* BRAutorun.m in Sources */ = {isa = PBXBuildFile; fileRef = 0E30344721CEE217001757C0 /* BRAutorun.m */; };
		0E348F1A2213130A000343A1 /* BRLogLineView.m in Sources */ = {isa = PBXBuildFile; fileRef = 0E348F192213130A000343A1 /* BRLogLineView.m */; };
		0E348F1B2213130A000343A1 /* BRLogLineView.m in Sources */ = {isa = PBXBuildFile; fileRef = 0E348F192213130A000343A1 /* BRLogLineView.m */; };
		0E3C0B022117008200F2EA35 /* BRBuildStateInfo.m in Sources */ = {isa = PBXBuildFile; fileRef = 0E3C0B012117008200F2EA35 /* BRBuildStateInfo.m */; };
		0E3C0B082117607A00F2EA35 /* BRRebuildCommand.m in Sources */ = {isa = PBXBuildFile; fileRef = 0E3C0B072117607A00F2EA35 /* BRRebuildCommand.m */; };
		0E3C0B0B2117609900F2EA35 /* BRAbortCommand.m in Sources */ = {isa = PBXBuildFile; fileRef = 0E3C0B0A2117609900F2EA35 /* BRAbortCommand.m */; };
		0E3C0B0E211760AC00F2EA35 /* BRDownloadLogsCommand.m in Sources */ = {isa = PBXBuildFile; fileRef = 0E3C0B0D211760AC00F2EA35 /* BRDownloadLogsCommand.m */; };
		0E3C0B11211760C000F2EA35 /* BROpenBuildCommand.m in Sources */ = {isa = PBXBuildFile; fileRef = 0E3C0B10211760C000F2EA35 /* BROpenBuildCommand.m */; };
		0E3C0B132117627700F2EA35 /* BRCommand.m in Sources */ = {isa = PBXBuildFile; fileRef = 0E3C0B122117627700F2EA35 /* BRCommand.m */; };
		0E42CADA20EC7A7E0033CD03 /* AppDelegate.m in Sources */ = {isa = PBXBuildFile; fileRef = 0E42CAD920EC7A7E0033CD03 /* AppDelegate.m */; };
		0E42CADF20EC7A800033CD03 /* Assets.xcassets in Resources */ = {isa = PBXBuildFile; fileRef = 0E42CADE20EC7A800033CD03 /* Assets.xcassets */; };
		0E42CAE220EC7A800033CD03 /* Main.storyboard in Resources */ = {isa = PBXBuildFile; fileRef = 0E42CAE020EC7A800033CD03 /* Main.storyboard */; };
		0E42CAE520EC7A800033CD03 /* main.m in Sources */ = {isa = PBXBuildFile; fileRef = 0E42CAE420EC7A800033CD03 /* main.m */; };
		0E42CAFF20EC7BB40033CD03 /* BRMainController.m in Sources */ = {isa = PBXBuildFile; fileRef = 0E42CAFE20EC7BB40033CD03 /* BRMainController.m */; };
		0E42CB0320EC89550033CD03 /* BRAppCellView.m in Sources */ = {isa = PBXBuildFile; fileRef = 0E42CB0220EC89550033CD03 /* BRAppCellView.m */; };
		0E42CB0620EC896B0033CD03 /* BRBuildCellView.m in Sources */ = {isa = PBXBuildFile; fileRef = 0E42CB0520EC896B0033CD03 /* BRBuildCellView.m */; };
		0E42CB0A20EC89D00033CD03 /* BRAppsDataSource.m in Sources */ = {isa = PBXBuildFile; fileRef = 0E42CB0920EC89D00033CD03 /* BRAppsDataSource.m */; };
		0E42CB0E20EC8AFD0033CD03 /* bitrise.xcdatamodeld in Sources */ = {isa = PBXBuildFile; fileRef = 0E42CB0C20EC8AFD0033CD03 /* bitrise.xcdatamodeld */; };
		0E4AD07D2205D01600257E8E /* ASLogObservingOperation.m in Sources */ = {isa = PBXBuildFile; fileRef = 0E4AD07C2205D01600257E8E /* ASLogObservingOperation.m */; };
		0E4AD07E2205D01600257E8E /* ASLogObservingOperation.m in Sources */ = {isa = PBXBuildFile; fileRef = 0E4AD07C2205D01600257E8E /* ASLogObservingOperation.m */; };
		0E4AD0812205D65A00257E8E /* BRBuildLog+Mapping.m in Sources */ = {isa = PBXBuildFile; fileRef = 0E4AD0802205D65A00257E8E /* BRBuildLog+Mapping.m */; };
		0E4AD0822205D65A00257E8E /* BRBuildLog+Mapping.m in Sources */ = {isa = PBXBuildFile; fileRef = 0E4AD0802205D65A00257E8E /* BRBuildLog+Mapping.m */; };
		0E4AD0892205F9D200257E8E /* BRLogsRequest.m in Sources */ = {isa = PBXBuildFile; fileRef = 0E4AD0882205F9D200257E8E /* BRLogsRequest.m */; };
		0E4AD08A2205F9D200257E8E /* BRLogsRequest.m in Sources */ = {isa = PBXBuildFile; fileRef = 0E4AD0882205F9D200257E8E /* BRLogsRequest.m */; };
		0E4AD08D2205FEBA00257E8E /* BRLogsViewController.m in Sources */ = {isa = PBXBuildFile; fileRef = 0E4AD08C2205FEBA00257E8E /* BRLogsViewController.m */; };
		0E4AD08E2205FEBA00257E8E /* BRLogsViewController.m in Sources */ = {isa = PBXBuildFile; fileRef = 0E4AD08C2205FEBA00257E8E /* BRLogsViewController.m */; };
		0E51715C21D2074E000D470E /* BRBuildMenuController.m in Sources */ = {isa = PBXBuildFile; fileRef = 0E51715B21D2074E000D470E /* BRBuildMenuController.m */; };
		0E51715F21D20E96000D470E /* BRActionDispatcher.m in Sources */ = {isa = PBXBuildFile; fileRef = 0E51715E21D20E96000D470E /* BRActionDispatcher.m */; };
		0E52AB802242A4A60020A943 /* BRLogStorage.m in Sources */ = {isa = PBXBuildFile; fileRef = 0E52AB7F2242A4A60020A943 /* BRLogStorage.m */; };
		0E52AB812242A4A60020A943 /* BRLogStorage.m in Sources */ = {isa = PBXBuildFile; fileRef = 0E52AB7F2242A4A60020A943 /* BRLogStorage.m */; };
		0E5C720E20F90A5B00E5A082 /* BRObserver.m in Sources */ = {isa = PBXBuildFile; fileRef = 0E5C720D20F90A5B00E5A082 /* BRObserver.m */; };
		0E73597720EDF0A0007E15A7 /* BRContainerBuilder.m in Sources */ = {isa = PBXBuildFile; fileRef = 0E73597620EDF0A0007E15A7 /* BRContainerBuilder.m */; };
		0E73597A20EDF5D5007E15A7 /* BRAccountsViewController.m in Sources */ = {isa = PBXBuildFile; fileRef = 0E73597920EDF5D5007E15A7 /* BRAccountsViewController.m */; };
		0E73598120EF8D92007E15A7 /* BRDependencyContainer.m in Sources */ = {isa = PBXBuildFile; fileRef = 0E73598020EF8D92007E15A7 /* BRDependencyContainer.m */; };
		0E73598420EF8ED3007E15A7 /* BRAccountsDataSource.m in Sources */ = {isa = PBXBuildFile; fileRef = 0E73598320EF8ED3007E15A7 /* BRAccountsDataSource.m */; };
		0E73598720EF93B8007E15A7 /* BRViewController.m in Sources */ = {isa = PBXBuildFile; fileRef = 0E73598620EF93B8007E15A7 /* BRViewController.m */; };
		0E7A18BE21CCE5B10096E1E6 /* BREnvironment.m in Sources */ = {isa = PBXBuildFile; fileRef = 0E7A18BD21CCE5B10096E1E6 /* BREnvironment.m */; };
		0E8DFB4421D792D000E7E5AC /* BRAddAccountOperation.m in Sources */ = {isa = PBXBuildFile; fileRef = 0E8DFB4321D792D000E7E5AC /* BRAddAccountOperation.m */; };
		0E8DFB4721D7A05C00E7E5AC /* BRManagingAppCellView.m in Sources */ = {isa = PBXBuildFile; fileRef = 0E8DFB4621D7A05C00E7E5AC /* BRManagingAppCellView.m */; };
		0E8DFB4A21D7A7D700E7E5AC /* BRAccountsMenuController.m in Sources */ = {isa = PBXBuildFile; fileRef = 0E8DFB4921D7A7D700E7E5AC /* BRAccountsMenuController.m */; };
		0E8DFB4D21DA28EC00E7E5AC /* BRKeyInputViewController.m in Sources */ = {isa = PBXBuildFile; fileRef = 0E8DFB4C21DA28EC00E7E5AC /* BRKeyInputViewController.m */; };
		0E8DFB5021DA2E7700E7E5AC /* BRKeyRequestContext.m in Sources */ = {isa = PBXBuildFile; fileRef = 0E8DFB4F21DA2E7700E7E5AC /* BRKeyRequestContext.m */; };
		0E8E9B4F20F07D2000494DEB /* BRAccountCellView.m in Sources */ = {isa = PBXBuildFile; fileRef = 0E8E9B4E20F07D2000494DEB /* BRAccountCellView.m */; };
		0E8E9B5520F0819E00494DEB /* BRBitriseAPI.m in Sources */ = {isa = PBXBuildFile; fileRef = 0E8E9B5420F0819E00494DEB /* BRBitriseAPI.m */; };
		0E8E9B5820F0820D00494DEB /* BRGetAccountCommand.m in Sources */ = {isa = PBXBuildFile; fileRef = 0E8E9B5720F0820D00494DEB /* BRGetAccountCommand.m */; };
		0E92F5DC223D0111007AC61B /* BRLogStepView.m in Sources */ = {isa = PBXBuildFile; fileRef = 0E92F5DB223D0111007AC61B /* BRLogStepView.m */; };
		0E92F5DD223D0111007AC61B /* BRLogStepView.m in Sources */ = {isa = PBXBuildFile; fileRef = 0E92F5DB223D0111007AC61B /* BRLogStepView.m */; };
		0E93B6FE20F085E8001A6C15 /* BRAccountInfo.m in Sources */ = {isa = PBXBuildFile; fileRef = 0E93B6FD20F085E8001A6C15 /* BRAccountInfo.m */; };
		0E93B70220F08EF2001A6C15 /* BRRemoveAccountCommand.m in Sources */ = {isa = PBXBuildFile; fileRef = 0E93B70120F08EF2001A6C15 /* BRRemoveAccountCommand.m */; };
		0E93B70520F09A85001A6C15 /* BRSyncCommand.m in Sources */ = {isa = PBXBuildFile; fileRef = 0E93B70420F09A85001A6C15 /* BRSyncCommand.m */; };
		0E93B70920F0D110001A6C15 /* BRBuildInfo.m in Sources */ = {isa = PBXBuildFile; fileRef = 0E93B70820F0D110001A6C15 /* BRBuildInfo.m */; };
		0E93B70D20F0F9BB001A6C15 /* BTRAccount+Mapping.m in Sources */ = {isa = PBXBuildFile; fileRef = 0E93B70C20F0F9BB001A6C15 /* BTRAccount+Mapping.m */; };
		0EAB9D76221F043100A21D23 /* BRLogsWindowPresenter.m in Sources */ = {isa = PBXBuildFile; fileRef = 0EAB9D75221F043100A21D23 /* BRLogsWindowPresenter.m */; };
		0EAB9D77221F043100A21D23 /* BRLogsWindowPresenter.m in Sources */ = {isa = PBXBuildFile; fileRef = 0EAB9D75221F043100A21D23 /* BRLogsWindowPresenter.m */; };
		0EAB9D7C221F0A1A00A21D23 /* BRProgressObserver.m in Sources */ = {isa = PBXBuildFile; fileRef = 0EAB9D7B221F0A1A00A21D23 /* BRProgressObserver.m */; };
		0EAB9D7D221F0A1A00A21D23 /* BRProgressObserver.m in Sources */ = {isa = PBXBuildFile; fileRef = 0EAB9D7B221F0A1A00A21D23 /* BRProgressObserver.m */; };
		0EAB9DC52222C57E00A21D23 /* BRMockBuilder.m in Sources */ = {isa = PBXBuildFile; fileRef = 0EAB9DC42222C57E00A21D23 /* BRMockBuilder.m */; };
		0EAB9DC82222CD2300A21D23 /* BRLogStubBuilder.m in Sources */ = {isa = PBXBuildFile; fileRef = 0EAB9DC72222CD2300A21D23 /* BRLogStubBuilder.m */; };
		0EAB9DCC2222CFED00A21D23 /* LogResponse_10chunks_finished.json in Resources */ = {isa = PBXBuildFile; fileRef = 0EAB9DCB2222CFED00A21D23 /* LogResponse_10chunks_finished.json */; };
		0EAB9DCD2222CFFC00A21D23 /* BRStorage.m in Sources */ = {isa = PBXBuildFile; fileRef = 0E93B6F620F0837B001A6C15 /* BRStorage.m */; };
		0EAB9DCF2222D1D700A21D23 /* LogResponse_10chunks_running.json in Resources */ = {isa = PBXBuildFile; fileRef = 0EAB9DCE2222D1D700A21D23 /* LogResponse_10chunks_running.json */; };
		0EAB9DDB2225AD7C00A21D23 /* BRLogsParser.m in Sources */ = {isa = PBXBuildFile; fileRef = 0EAB9DDA2225AD7C00A21D23 /* BRLogsParser.m */; };
		0EAB9DDC2225AD7C00A21D23 /* BRLogsParser.m in Sources */ = {isa = PBXBuildFile; fileRef = 0EAB9DDA2225AD7C00A21D23 /* BRLogsParser.m */; };
		0EB3ED4A21E336BD003F0364 /* BRStorageTests.m in Sources */ = {isa = PBXBuildFile; fileRef = 0EB3ED4921E336BD003F0364 /* BRStorageTests.m */; };
		0EB3ED4B21E33976003F0364 /* BRStorage.m in Sources */ = {isa = PBXBuildFile; fileRef = 0E93B6F620F0837B001A6C15 /* BRStorage.m */; };
		0EB3ED4D21E33A1D003F0364 /* bitrise.xcdatamodeld in Sources */ = {isa = PBXBuildFile; fileRef = 0E42CB0C20EC8AFD0033CD03 /* bitrise.xcdatamodeld */; };
		0EB3ED4E21E3453F003F0364 /* BTRAccount+Mapping.m in Sources */ = {isa = PBXBuildFile; fileRef = 0E93B70C20F0F9BB001A6C15 /* BTRAccount+Mapping.m */; };
		0EB3ED4F21E3453F003F0364 /* BRBuild+Mapping.m in Sources */ = {isa = PBXBuildFile; fileRef = 0EFD891420F1FDE10023FCCE /* BRBuild+Mapping.m */; };
		0EB3ED5021E3453F003F0364 /* BRApp+Mapping.m in Sources */ = {isa = PBXBuildFile; fileRef = 0EFD893C20F4893B0023FCCE /* BRApp+Mapping.m */; };
		0EB3ED5521E617FB003F0364 /* BRAPIRequest.m in Sources */ = {isa = PBXBuildFile; fileRef = 0EB3ED5421E617FA003F0364 /* BRAPIRequest.m */; };
		0EB3ED5821E619F7003F0364 /* BRRebuildRequest.m in Sources */ = {isa = PBXBuildFile; fileRef = 0EB3ED5721E619F7003F0364 /* BRRebuildRequest.m */; };
		0EB3ED7021E7B7F4003F0364 /* BRAbortRequest.m in Sources */ = {isa = PBXBuildFile; fileRef = 0EB3ED6F21E7B7F4003F0364 /* BRAbortRequest.m */; };
		0EB3ED7321E7BC92003F0364 /* BRBuildsRequest.m in Sources */ = {isa = PBXBuildFile; fileRef = 0EB3ED7221E7BC92003F0364 /* BRBuildsRequest.m */; };
		0EB3ED7621E88E8C003F0364 /* BRAppsRequest.m in Sources */ = {isa = PBXBuildFile; fileRef = 0EB3ED7521E88E8C003F0364 /* BRAppsRequest.m */; };
		0EB3ED7921E890E1003F0364 /* BRAccountRequest.m in Sources */ = {isa = PBXBuildFile; fileRef = 0EB3ED7821E890E1003F0364 /* BRAccountRequest.m */; };
		0EBA9D6C2217F9EF007234EB /* BRLogInfo.m in Sources */ = {isa = PBXBuildFile; fileRef = 0EBA9D6B2217F9EF007234EB /* BRLogInfo.m */; };
		0EBA9D6D2217F9EF007234EB /* BRLogInfo.m in Sources */ = {isa = PBXBuildFile; fileRef = 0EBA9D6B2217F9EF007234EB /* BRLogInfo.m */; };
		0EC53F45221B19F900F47B47 /* BRLogsTextViewController.m in Sources */ = {isa = PBXBuildFile; fileRef = 0EC53F44221B19F900F47B47 /* BRLogsTextViewController.m */; };
		0EC53F46221B19F900F47B47 /* BRLogsTextViewController.m in Sources */ = {isa = PBXBuildFile; fileRef = 0EC53F44221B19F900F47B47 /* BRLogsTextViewController.m */; };
		0ECFF27721CD186E005EC4A4 /* BRSyncResult.m in Sources */ = {isa = PBXBuildFile; fileRef = 0ECFF27621CD186E005EC4A4 /* BRSyncResult.m */; };
		0ECFF27A21CD1C10005EC4A4 /* BRSyncDiff.m in Sources */ = {isa = PBXBuildFile; fileRef = 0ECFF27921CD1C10005EC4A4 /* BRSyncDiff.m */; };
		0ED2793D223ABCBA008A35D6 /* BRLogsParserTests.m in Sources */ = {isa = PBXBuildFile; fileRef = 0ED2793C223ABCBA008A35D6 /* BRLogsParserTests.m */; };
		0ED38CDC220DE9000006FE69 /* ASLogLoadingOperation.m in Sources */ = {isa = PBXBuildFile; fileRef = 0ED38CDB220DE9000006FE69 /* ASLogLoadingOperation.m */; };
		0ED38CDD220DE9000006FE69 /* ASLogLoadingOperation.m in Sources */ = {isa = PBXBuildFile; fileRef = 0ED38CDB220DE9000006FE69 /* ASLogLoadingOperation.m */; };
		0EDC5DE321BBBB0A00AD41FE /* ASQueue.m in Sources */ = {isa = PBXBuildFile; fileRef = 0EDC5DDF21BBBB0A00AD41FE /* ASQueue.m */; };
		0EDC5DE421BBBB0A00AD41FE /* ASOperation.m in Sources */ = {isa = PBXBuildFile; fileRef = 0EDC5DE221BBBB0A00AD41FE /* ASOperation.m */; };
		0EDC5DE721BBFB0A00AD41FE /* BRSyncOperation.m in Sources */ = {isa = PBXBuildFile; fileRef = 0EDC5DE621BBFB0A00AD41FE /* BRSyncOperation.m */; };
		0EDE7D0821B9346200A39CC4 /* BRSyncEngine.m in Sources */ = {isa = PBXBuildFile; fileRef = 0EDE7D0721B9346200A39CC4 /* BRSyncEngine.m */; };
		0EDE7D0921B9346200A39CC4 /* BRSyncEngine.m in Sources */ = {isa = PBXBuildFile; fileRef = 0EDE7D0721B9346200A39CC4 /* BRSyncEngine.m */; };
		0EE1B85C21B4363D005D5140 /* NSDictionary+FRP.m in Sources */ = {isa = PBXBuildFile; fileRef = 0EE1B85221B4363D005D5140 /* NSDictionary+FRP.m */; };
		0EE1B85D21B4363D005D5140 /* NSHashTable+FRP.m in Sources */ = {isa = PBXBuildFile; fileRef = 0EE1B85421B4363D005D5140 /* NSHashTable+FRP.m */; };
		0EE1B85E21B4363D005D5140 /* NSSet+FRP.m in Sources */ = {isa = PBXBuildFile; fileRef = 0EE1B85521B4363D005D5140 /* NSSet+FRP.m */; };
		0EE1B86021B4363D005D5140 /* NSArray+FRP.m in Sources */ = {isa = PBXBuildFile; fileRef = 0EE1B85B21B4363D005D5140 /* NSArray+FRP.m */; };
		0EEF655720F5B2AB0012C45D /* BRCellBuilder.m in Sources */ = {isa = PBXBuildFile; fileRef = 0EEF655620F5B2AB0012C45D /* BRCellBuilder.m */; };
		0EF766A621DDDF6C00E64E0C /* BRAddBuildTokenCommand.m in Sources */ = {isa = PBXBuildFile; fileRef = 0EF766A521DDDF6C00E64E0C /* BRAddBuildTokenCommand.m */; };
		0EF766C021E2637900E64E0C /* BRAboutViewController.m in Sources */ = {isa = PBXBuildFile; fileRef = 0EF766BF21E2637900E64E0C /* BRAboutViewController.m */; };
		0EF766C421E264E400E64E0C /* BRAboutTextView.m in Sources */ = {isa = PBXBuildFile; fileRef = 0EF766C321E264E300E64E0C /* BRAboutTextView.m */; };
		0EFB325C22020B5E0045C376 /* BRLogObserver.m in Sources */ = {isa = PBXBuildFile; fileRef = 0EFB325B22020B5E0045C376 /* BRLogObserver.m */; };
		0EFB325D22020B5E0045C376 /* BRLogObserver.m in Sources */ = {isa = PBXBuildFile; fileRef = 0EFB325B22020B5E0045C376 /* BRLogObserver.m */; };
		0EFD891520F1FDE10023FCCE /* BRBuild+Mapping.m in Sources */ = {isa = PBXBuildFile; fileRef = 0EFD891420F1FDE10023FCCE /* BRBuild+Mapping.m */; };
		0EFD891820F201400023FCCE /* BRAppInfo.m in Sources */ = {isa = PBXBuildFile; fileRef = 0EFD891720F201400023FCCE /* BRAppInfo.m */; };
		0EFD893D20F4893B0023FCCE /* BRApp+Mapping.m in Sources */ = {isa = PBXBuildFile; fileRef = 0EFD893C20F4893B0023FCCE /* BRApp+Mapping.m */; };
		6B9EB643B31D43C782DFEAE2 /* libPods-BitriseTests.a in Frameworks */ = {isa = PBXBuildFile; fileRef = EDCC38F36C8ABB179E968B54 /* libPods-BitriseTests.a */; };
		8A6E00C56C408BC470C8A65C /* libPods-Bitrise.a in Frameworks */ = {isa = PBXBuildFile; fileRef = EB550FAE0B12AA5E5BBED2E8 /* libPods-Bitrise.a */; };
/* End PBXBuildFile section */

/* Begin PBXContainerItemProxy section */
		0E42CAEC20EC7A800033CD03 /* PBXContainerItemProxy */ = {
			isa = PBXContainerItemProxy;
			containerPortal = 0E42CACD20EC7A7E0033CD03 /* Project object */;
			proxyType = 1;
			remoteGlobalIDString = 0E42CAD420EC7A7E0033CD03;
			remoteInfo = Bitrise;
		};
/* End PBXContainerItemProxy section */

/* Begin PBXFileReference section */
		0E02C9AC22103ED100FCFE17 /* BRLogsDataSource.h */ = {isa = PBXFileReference; lastKnownFileType = sourcecode.c.h; path = BRLogsDataSource.h; sourceTree = "<group>"; };
		0E02C9AD22103ED100FCFE17 /* BRLogsDataSource.m */ = {isa = PBXFileReference; lastKnownFileType = sourcecode.c.objc; path = BRLogsDataSource.m; sourceTree = "<group>"; };
		0E1E9F20227D81E7002F7ED1 /* BRAnalytics.h */ = {isa = PBXFileReference; lastKnownFileType = sourcecode.c.h; path = BRAnalytics.h; sourceTree = "<group>"; };
		0E1E9F21227D81E7002F7ED1 /* BRAnalytics.m */ = {isa = PBXFileReference; lastKnownFileType = sourcecode.c.objc; path = BRAnalytics.m; sourceTree = "<group>"; };
		0E1ED8F122282B3200A432B1 /* BRLogStatusView.h */ = {isa = PBXFileReference; lastKnownFileType = sourcecode.c.h; path = BRLogStatusView.h; sourceTree = "<group>"; };
		0E1ED8F222282B3200A432B1 /* BRLogStatusView.m */ = {isa = PBXFileReference; lastKnownFileType = sourcecode.c.objc; path = BRLogStatusView.m; sourceTree = "<group>"; };
		0E1ED8F522282C3400A432B1 /* BRLogsWindowController.h */ = {isa = PBXFileReference; lastKnownFileType = sourcecode.c.h; path = BRLogsWindowController.h; sourceTree = "<group>"; };
		0E1ED8F622282C3400A432B1 /* BRLogsWindowController.m */ = {isa = PBXFileReference; lastKnownFileType = sourcecode.c.objc; path = BRLogsWindowController.m; sourceTree = "<group>"; };
		0E30344421CEDDD0001757C0 /* BRSettingsMenuController.h */ = {isa = PBXFileReference; lastKnownFileType = sourcecode.c.h; path = BRSettingsMenuController.h; sourceTree = "<group>"; };
		0E30344521CEDDD0001757C0 /* BRSettingsMenuController.m */ = {isa = PBXFileReference; lastKnownFileType = sourcecode.c.objc; path = BRSettingsMenuController.m; sourceTree = "<group>"; };
		0E30344721CEE217001757C0 /* BRAutorun.m */ = {isa = PBXFileReference; fileEncoding = 4; lastKnownFileType = sourcecode.c.objc; path = BRAutorun.m; sourceTree = "<group>"; };
		0E30344821CEE217001757C0 /* BRAutorun.h */ = {isa = PBXFileReference; fileEncoding = 4; lastKnownFileType = sourcecode.c.h; path = BRAutorun.h; sourceTree = "<group>"; };
		0E348F182213130A000343A1 /* BRLogLineView.h */ = {isa = PBXFileReference; lastKnownFileType = sourcecode.c.h; path = BRLogLineView.h; sourceTree = "<group>"; };
		0E348F192213130A000343A1 /* BRLogLineView.m */ = {isa = PBXFileReference; lastKnownFileType = sourcecode.c.objc; path = BRLogLineView.m; sourceTree = "<group>"; };
		0E3C0B002117008200F2EA35 /* BRBuildStateInfo.h */ = {isa = PBXFileReference; lastKnownFileType = sourcecode.c.h; path = BRBuildStateInfo.h; sourceTree = "<group>"; };
		0E3C0B012117008200F2EA35 /* BRBuildStateInfo.m */ = {isa = PBXFileReference; lastKnownFileType = sourcecode.c.objc; path = BRBuildStateInfo.m; sourceTree = "<group>"; };
		0E3C0B062117607A00F2EA35 /* BRRebuildCommand.h */ = {isa = PBXFileReference; lastKnownFileType = sourcecode.c.h; path = BRRebuildCommand.h; sourceTree = "<group>"; };
		0E3C0B072117607A00F2EA35 /* BRRebuildCommand.m */ = {isa = PBXFileReference; lastKnownFileType = sourcecode.c.objc; path = BRRebuildCommand.m; sourceTree = "<group>"; };
		0E3C0B092117609900F2EA35 /* BRAbortCommand.h */ = {isa = PBXFileReference; lastKnownFileType = sourcecode.c.h; path = BRAbortCommand.h; sourceTree = "<group>"; };
		0E3C0B0A2117609900F2EA35 /* BRAbortCommand.m */ = {isa = PBXFileReference; lastKnownFileType = sourcecode.c.objc; path = BRAbortCommand.m; sourceTree = "<group>"; };
		0E3C0B0C211760AC00F2EA35 /* BRDownloadLogsCommand.h */ = {isa = PBXFileReference; lastKnownFileType = sourcecode.c.h; path = BRDownloadLogsCommand.h; sourceTree = "<group>"; };
		0E3C0B0D211760AC00F2EA35 /* BRDownloadLogsCommand.m */ = {isa = PBXFileReference; lastKnownFileType = sourcecode.c.objc; path = BRDownloadLogsCommand.m; sourceTree = "<group>"; };
		0E3C0B0F211760C000F2EA35 /* BROpenBuildCommand.h */ = {isa = PBXFileReference; lastKnownFileType = sourcecode.c.h; path = BROpenBuildCommand.h; sourceTree = "<group>"; };
		0E3C0B10211760C000F2EA35 /* BROpenBuildCommand.m */ = {isa = PBXFileReference; lastKnownFileType = sourcecode.c.objc; path = BROpenBuildCommand.m; sourceTree = "<group>"; };
		0E3C0B122117627700F2EA35 /* BRCommand.m */ = {isa = PBXFileReference; lastKnownFileType = sourcecode.c.objc; path = BRCommand.m; sourceTree = "<group>"; };
		0E42CAD520EC7A7E0033CD03 /* Bitrise.app */ = {isa = PBXFileReference; explicitFileType = wrapper.application; includeInIndex = 0; path = Bitrise.app; sourceTree = BUILT_PRODUCTS_DIR; };
		0E42CAD820EC7A7E0033CD03 /* AppDelegate.h */ = {isa = PBXFileReference; lastKnownFileType = sourcecode.c.h; path = AppDelegate.h; sourceTree = "<group>"; };
		0E42CAD920EC7A7E0033CD03 /* AppDelegate.m */ = {isa = PBXFileReference; lastKnownFileType = sourcecode.c.objc; path = AppDelegate.m; sourceTree = "<group>"; };
		0E42CADE20EC7A800033CD03 /* Assets.xcassets */ = {isa = PBXFileReference; lastKnownFileType = folder.assetcatalog; path = Assets.xcassets; sourceTree = "<group>"; };
		0E42CAE120EC7A800033CD03 /* Base */ = {isa = PBXFileReference; lastKnownFileType = file.storyboard; name = Base; path = Base.lproj/Main.storyboard; sourceTree = "<group>"; };
		0E42CAE320EC7A800033CD03 /* Info.plist */ = {isa = PBXFileReference; lastKnownFileType = text.plist.xml; path = Info.plist; sourceTree = "<group>"; };
		0E42CAE420EC7A800033CD03 /* main.m */ = {isa = PBXFileReference; lastKnownFileType = sourcecode.c.objc; path = main.m; sourceTree = "<group>"; };
		0E42CAE620EC7A800033CD03 /* Bitrise.entitlements */ = {isa = PBXFileReference; lastKnownFileType = text.plist.entitlements; path = Bitrise.entitlements; sourceTree = "<group>"; };
		0E42CAEB20EC7A800033CD03 /* BitriseTests.xctest */ = {isa = PBXFileReference; explicitFileType = wrapper.cfbundle; includeInIndex = 0; path = BitriseTests.xctest; sourceTree = BUILT_PRODUCTS_DIR; };
		0E42CAF120EC7A800033CD03 /* Info.plist */ = {isa = PBXFileReference; lastKnownFileType = text.plist.xml; path = Info.plist; sourceTree = "<group>"; };
		0E42CAFD20EC7BB40033CD03 /* BRMainController.h */ = {isa = PBXFileReference; lastKnownFileType = sourcecode.c.h; path = BRMainController.h; sourceTree = "<group>"; };
		0E42CAFE20EC7BB40033CD03 /* BRMainController.m */ = {isa = PBXFileReference; lastKnownFileType = sourcecode.c.objc; path = BRMainController.m; sourceTree = "<group>"; };
		0E42CB0120EC89550033CD03 /* BRAppCellView.h */ = {isa = PBXFileReference; lastKnownFileType = sourcecode.c.h; path = BRAppCellView.h; sourceTree = "<group>"; };
		0E42CB0220EC89550033CD03 /* BRAppCellView.m */ = {isa = PBXFileReference; lastKnownFileType = sourcecode.c.objc; path = BRAppCellView.m; sourceTree = "<group>"; };
		0E42CB0420EC896B0033CD03 /* BRBuildCellView.h */ = {isa = PBXFileReference; lastKnownFileType = sourcecode.c.h; path = BRBuildCellView.h; sourceTree = "<group>"; };
		0E42CB0520EC896B0033CD03 /* BRBuildCellView.m */ = {isa = PBXFileReference; lastKnownFileType = sourcecode.c.objc; path = BRBuildCellView.m; sourceTree = "<group>"; };
		0E42CB0820EC89D00033CD03 /* BRAppsDataSource.h */ = {isa = PBXFileReference; lastKnownFileType = sourcecode.c.h; path = BRAppsDataSource.h; sourceTree = "<group>"; };
		0E42CB0920EC89D00033CD03 /* BRAppsDataSource.m */ = {isa = PBXFileReference; lastKnownFileType = sourcecode.c.objc; path = BRAppsDataSource.m; sourceTree = "<group>"; };
		0E42CB0D20EC8AFD0033CD03 /* bitrise.xcdatamodel */ = {isa = PBXFileReference; lastKnownFileType = wrapper.xcdatamodel; path = bitrise.xcdatamodel; sourceTree = "<group>"; };
		0E4AD07B2205D01600257E8E /* ASLogObservingOperation.h */ = {isa = PBXFileReference; lastKnownFileType = sourcecode.c.h; path = ASLogObservingOperation.h; sourceTree = "<group>"; };
		0E4AD07C2205D01600257E8E /* ASLogObservingOperation.m */ = {isa = PBXFileReference; lastKnownFileType = sourcecode.c.objc; path = ASLogObservingOperation.m; sourceTree = "<group>"; };
		0E4AD07F2205D65A00257E8E /* BRBuildLog+Mapping.h */ = {isa = PBXFileReference; lastKnownFileType = sourcecode.c.h; path = "BRBuildLog+Mapping.h"; sourceTree = "<group>"; };
		0E4AD0802205D65A00257E8E /* BRBuildLog+Mapping.m */ = {isa = PBXFileReference; lastKnownFileType = sourcecode.c.objc; path = "BRBuildLog+Mapping.m"; sourceTree = "<group>"; };
		0E4AD0872205F9D200257E8E /* BRLogsRequest.h */ = {isa = PBXFileReference; lastKnownFileType = sourcecode.c.h; path = BRLogsRequest.h; sourceTree = "<group>"; };
		0E4AD0882205F9D200257E8E /* BRLogsRequest.m */ = {isa = PBXFileReference; lastKnownFileType = sourcecode.c.objc; path = BRLogsRequest.m; sourceTree = "<group>"; };
		0E4AD08B2205FEBA00257E8E /* BRLogsViewController.h */ = {isa = PBXFileReference; lastKnownFileType = sourcecode.c.h; path = BRLogsViewController.h; sourceTree = "<group>"; };
		0E4AD08C2205FEBA00257E8E /* BRLogsViewController.m */ = {isa = PBXFileReference; lastKnownFileType = sourcecode.c.objc; path = BRLogsViewController.m; sourceTree = "<group>"; };
		0E51715721D149FD000D470E /* BRSegue.h */ = {isa = PBXFileReference; lastKnownFileType = sourcecode.c.h; path = BRSegue.h; sourceTree = "<group>"; };
		0E51715A21D2074E000D470E /* BRBuildMenuController.h */ = {isa = PBXFileReference; lastKnownFileType = sourcecode.c.h; path = BRBuildMenuController.h; sourceTree = "<group>"; };
		0E51715B21D2074E000D470E /* BRBuildMenuController.m */ = {isa = PBXFileReference; lastKnownFileType = sourcecode.c.objc; path = BRBuildMenuController.m; sourceTree = "<group>"; };
		0E51715D21D20E96000D470E /* BRActionDispatcher.h */ = {isa = PBXFileReference; lastKnownFileType = sourcecode.c.h; path = BRActionDispatcher.h; sourceTree = "<group>"; };
		0E51715E21D20E96000D470E /* BRActionDispatcher.m */ = {isa = PBXFileReference; lastKnownFileType = sourcecode.c.objc; path = BRActionDispatcher.m; sourceTree = "<group>"; };
		0E52AB7E2242A4A60020A943 /* BRLogStorage.h */ = {isa = PBXFileReference; lastKnownFileType = sourcecode.c.h; path = BRLogStorage.h; sourceTree = "<group>"; };
		0E52AB7F2242A4A60020A943 /* BRLogStorage.m */ = {isa = PBXFileReference; lastKnownFileType = sourcecode.c.objc; path = BRLogStorage.m; sourceTree = "<group>"; };
		0E5C720C20F90A5B00E5A082 /* BRObserver.h */ = {isa = PBXFileReference; lastKnownFileType = sourcecode.c.h; path = BRObserver.h; sourceTree = "<group>"; };
		0E5C720D20F90A5B00E5A082 /* BRObserver.m */ = {isa = PBXFileReference; lastKnownFileType = sourcecode.c.objc; path = BRObserver.m; sourceTree = "<group>"; };
		0E73597520EDF0A0007E15A7 /* BRContainerBuilder.h */ = {isa = PBXFileReference; lastKnownFileType = sourcecode.c.h; path = BRContainerBuilder.h; sourceTree = "<group>"; };
		0E73597620EDF0A0007E15A7 /* BRContainerBuilder.m */ = {isa = PBXFileReference; lastKnownFileType = sourcecode.c.objc; path = BRContainerBuilder.m; sourceTree = "<group>"; };
		0E73597820EDF5D5007E15A7 /* BRAccountsViewController.h */ = {isa = PBXFileReference; lastKnownFileType = sourcecode.c.h; path = BRAccountsViewController.h; sourceTree = "<group>"; };
		0E73597920EDF5D5007E15A7 /* BRAccountsViewController.m */ = {isa = PBXFileReference; lastKnownFileType = sourcecode.c.objc; path = BRAccountsViewController.m; sourceTree = "<group>"; };
		0E73597F20EF8D92007E15A7 /* BRDependencyContainer.h */ = {isa = PBXFileReference; lastKnownFileType = sourcecode.c.h; path = BRDependencyContainer.h; sourceTree = "<group>"; };
		0E73598020EF8D92007E15A7 /* BRDependencyContainer.m */ = {isa = PBXFileReference; lastKnownFileType = sourcecode.c.objc; path = BRDependencyContainer.m; sourceTree = "<group>"; };
		0E73598220EF8ED3007E15A7 /* BRAccountsDataSource.h */ = {isa = PBXFileReference; lastKnownFileType = sourcecode.c.h; path = BRAccountsDataSource.h; sourceTree = "<group>"; };
		0E73598320EF8ED3007E15A7 /* BRAccountsDataSource.m */ = {isa = PBXFileReference; lastKnownFileType = sourcecode.c.objc; path = BRAccountsDataSource.m; sourceTree = "<group>"; };
		0E73598520EF93B8007E15A7 /* BRViewController.h */ = {isa = PBXFileReference; lastKnownFileType = sourcecode.c.h; path = BRViewController.h; sourceTree = "<group>"; };
		0E73598620EF93B8007E15A7 /* BRViewController.m */ = {isa = PBXFileReference; lastKnownFileType = sourcecode.c.objc; path = BRViewController.m; sourceTree = "<group>"; };
		0E7A18BC21CCE5B10096E1E6 /* BREnvironment.h */ = {isa = PBXFileReference; lastKnownFileType = sourcecode.c.h; path = BREnvironment.h; sourceTree = "<group>"; };
		0E7A18BD21CCE5B10096E1E6 /* BREnvironment.m */ = {isa = PBXFileReference; lastKnownFileType = sourcecode.c.objc; path = BREnvironment.m; sourceTree = "<group>"; };
		0E8DFB4221D792D000E7E5AC /* BRAddAccountOperation.h */ = {isa = PBXFileReference; lastKnownFileType = sourcecode.c.h; path = BRAddAccountOperation.h; sourceTree = "<group>"; };
		0E8DFB4321D792D000E7E5AC /* BRAddAccountOperation.m */ = {isa = PBXFileReference; lastKnownFileType = sourcecode.c.objc; path = BRAddAccountOperation.m; sourceTree = "<group>"; };
		0E8DFB4521D7A05C00E7E5AC /* BRManagingAppCellView.h */ = {isa = PBXFileReference; lastKnownFileType = sourcecode.c.h; path = BRManagingAppCellView.h; sourceTree = "<group>"; };
		0E8DFB4621D7A05C00E7E5AC /* BRManagingAppCellView.m */ = {isa = PBXFileReference; lastKnownFileType = sourcecode.c.objc; path = BRManagingAppCellView.m; sourceTree = "<group>"; };
		0E8DFB4821D7A7D700E7E5AC /* BRAccountsMenuController.h */ = {isa = PBXFileReference; lastKnownFileType = sourcecode.c.h; path = BRAccountsMenuController.h; sourceTree = "<group>"; };
		0E8DFB4921D7A7D700E7E5AC /* BRAccountsMenuController.m */ = {isa = PBXFileReference; lastKnownFileType = sourcecode.c.objc; path = BRAccountsMenuController.m; sourceTree = "<group>"; };
		0E8DFB4B21DA28EC00E7E5AC /* BRKeyInputViewController.h */ = {isa = PBXFileReference; lastKnownFileType = sourcecode.c.h; path = BRKeyInputViewController.h; sourceTree = "<group>"; };
		0E8DFB4C21DA28EC00E7E5AC /* BRKeyInputViewController.m */ = {isa = PBXFileReference; lastKnownFileType = sourcecode.c.objc; path = BRKeyInputViewController.m; sourceTree = "<group>"; };
		0E8DFB4E21DA2E7700E7E5AC /* BRKeyRequestContext.h */ = {isa = PBXFileReference; lastKnownFileType = sourcecode.c.h; path = BRKeyRequestContext.h; sourceTree = "<group>"; };
		0E8DFB4F21DA2E7700E7E5AC /* BRKeyRequestContext.m */ = {isa = PBXFileReference; lastKnownFileType = sourcecode.c.objc; path = BRKeyRequestContext.m; sourceTree = "<group>"; };
		0E8E9B4D20F07D2000494DEB /* BRAccountCellView.h */ = {isa = PBXFileReference; lastKnownFileType = sourcecode.c.h; path = BRAccountCellView.h; sourceTree = "<group>"; };
		0E8E9B4E20F07D2000494DEB /* BRAccountCellView.m */ = {isa = PBXFileReference; lastKnownFileType = sourcecode.c.objc; path = BRAccountCellView.m; sourceTree = "<group>"; };
		0E8E9B5320F0819E00494DEB /* BRBitriseAPI.h */ = {isa = PBXFileReference; lastKnownFileType = sourcecode.c.h; path = BRBitriseAPI.h; sourceTree = "<group>"; };
		0E8E9B5420F0819E00494DEB /* BRBitriseAPI.m */ = {isa = PBXFileReference; lastKnownFileType = sourcecode.c.objc; path = BRBitriseAPI.m; sourceTree = "<group>"; };
		0E8E9B5620F0820D00494DEB /* BRGetAccountCommand.h */ = {isa = PBXFileReference; lastKnownFileType = sourcecode.c.h; path = BRGetAccountCommand.h; sourceTree = "<group>"; };
		0E8E9B5720F0820D00494DEB /* BRGetAccountCommand.m */ = {isa = PBXFileReference; lastKnownFileType = sourcecode.c.objc; path = BRGetAccountCommand.m; sourceTree = "<group>"; };
		0E92F5DA223D0111007AC61B /* BRLogStepView.h */ = {isa = PBXFileReference; lastKnownFileType = sourcecode.c.h; path = BRLogStepView.h; sourceTree = "<group>"; };
		0E92F5DB223D0111007AC61B /* BRLogStepView.m */ = {isa = PBXFileReference; lastKnownFileType = sourcecode.c.objc; path = BRLogStepView.m; sourceTree = "<group>"; };
		0E93B6F520F0837B001A6C15 /* BRStorage.h */ = {isa = PBXFileReference; lastKnownFileType = sourcecode.c.h; path = BRStorage.h; sourceTree = "<group>"; };
		0E93B6F620F0837B001A6C15 /* BRStorage.m */ = {isa = PBXFileReference; lastKnownFileType = sourcecode.c.objc; path = BRStorage.m; sourceTree = "<group>"; };
		0E93B6FC20F085E8001A6C15 /* BRAccountInfo.h */ = {isa = PBXFileReference; lastKnownFileType = sourcecode.c.h; path = BRAccountInfo.h; sourceTree = "<group>"; };
		0E93B6FD20F085E8001A6C15 /* BRAccountInfo.m */ = {isa = PBXFileReference; lastKnownFileType = sourcecode.c.objc; path = BRAccountInfo.m; sourceTree = "<group>"; };
		0E93B70020F08EF2001A6C15 /* BRRemoveAccountCommand.h */ = {isa = PBXFileReference; lastKnownFileType = sourcecode.c.h; path = BRRemoveAccountCommand.h; sourceTree = "<group>"; };
		0E93B70120F08EF2001A6C15 /* BRRemoveAccountCommand.m */ = {isa = PBXFileReference; lastKnownFileType = sourcecode.c.objc; path = BRRemoveAccountCommand.m; sourceTree = "<group>"; };
		0E93B70320F09A85001A6C15 /* BRSyncCommand.h */ = {isa = PBXFileReference; lastKnownFileType = sourcecode.c.h; path = BRSyncCommand.h; sourceTree = "<group>"; };
		0E93B70420F09A85001A6C15 /* BRSyncCommand.m */ = {isa = PBXFileReference; lastKnownFileType = sourcecode.c.objc; path = BRSyncCommand.m; sourceTree = "<group>"; };
		0E93B70720F0D110001A6C15 /* BRBuildInfo.h */ = {isa = PBXFileReference; lastKnownFileType = sourcecode.c.h; path = BRBuildInfo.h; sourceTree = "<group>"; };
		0E93B70820F0D110001A6C15 /* BRBuildInfo.m */ = {isa = PBXFileReference; lastKnownFileType = sourcecode.c.objc; path = BRBuildInfo.m; sourceTree = "<group>"; };
		0E93B70B20F0F9BB001A6C15 /* BTRAccount+Mapping.h */ = {isa = PBXFileReference; lastKnownFileType = sourcecode.c.h; path = "BTRAccount+Mapping.h"; sourceTree = "<group>"; };
		0E93B70C20F0F9BB001A6C15 /* BTRAccount+Mapping.m */ = {isa = PBXFileReference; lastKnownFileType = sourcecode.c.objc; path = "BTRAccount+Mapping.m"; sourceTree = "<group>"; };
		0E9A7E0A221DBD75002FCBE4 /* ASLogOperation.h */ = {isa = PBXFileReference; lastKnownFileType = sourcecode.c.h; path = ASLogOperation.h; sourceTree = "<group>"; };
		0E9F413320FEF8BF0083D646 /* BRCommand.h */ = {isa = PBXFileReference; lastKnownFileType = sourcecode.c.h; path = BRCommand.h; sourceTree = "<group>"; };
		0E9F413720FEFA6A0083D646 /* BRMacro.h */ = {isa = PBXFileReference; lastKnownFileType = sourcecode.c.h; path = BRMacro.h; sourceTree = "<group>"; };
		0EAB9D74221F043100A21D23 /* BRLogsWindowPresenter.h */ = {isa = PBXFileReference; lastKnownFileType = sourcecode.c.h; path = BRLogsWindowPresenter.h; sourceTree = "<group>"; };
		0EAB9D75221F043100A21D23 /* BRLogsWindowPresenter.m */ = {isa = PBXFileReference; lastKnownFileType = sourcecode.c.objc; path = BRLogsWindowPresenter.m; sourceTree = "<group>"; };
		0EAB9D7A221F0A1A00A21D23 /* BRProgressObserver.h */ = {isa = PBXFileReference; lastKnownFileType = sourcecode.c.h; path = BRProgressObserver.h; sourceTree = "<group>"; };
		0EAB9D7B221F0A1A00A21D23 /* BRProgressObserver.m */ = {isa = PBXFileReference; lastKnownFileType = sourcecode.c.objc; path = BRProgressObserver.m; sourceTree = "<group>"; };
		0EAB9DC32222C57E00A21D23 /* BRMockBuilder.h */ = {isa = PBXFileReference; lastKnownFileType = sourcecode.c.h; path = BRMockBuilder.h; sourceTree = "<group>"; };
		0EAB9DC42222C57E00A21D23 /* BRMockBuilder.m */ = {isa = PBXFileReference; lastKnownFileType = sourcecode.c.objc; path = BRMockBuilder.m; sourceTree = "<group>"; };
		0EAB9DC62222CD2300A21D23 /* BRLogStubBuilder.h */ = {isa = PBXFileReference; lastKnownFileType = sourcecode.c.h; path = BRLogStubBuilder.h; sourceTree = "<group>"; };
		0EAB9DC72222CD2300A21D23 /* BRLogStubBuilder.m */ = {isa = PBXFileReference; lastKnownFileType = sourcecode.c.objc; path = BRLogStubBuilder.m; sourceTree = "<group>"; };
		0EAB9DCB2222CFED00A21D23 /* LogResponse_10chunks_finished.json */ = {isa = PBXFileReference; lastKnownFileType = text.json; path = LogResponse_10chunks_finished.json; sourceTree = "<group>"; };
		0EAB9DCE2222D1D700A21D23 /* LogResponse_10chunks_running.json */ = {isa = PBXFileReference; lastKnownFileType = text.json; path = LogResponse_10chunks_running.json; sourceTree = "<group>"; };
		0EAB9DD92225AD7C00A21D23 /* BRLogsParser.h */ = {isa = PBXFileReference; lastKnownFileType = sourcecode.c.h; path = BRLogsParser.h; sourceTree = "<group>"; };
		0EAB9DDA2225AD7C00A21D23 /* BRLogsParser.m */ = {isa = PBXFileReference; lastKnownFileType = sourcecode.c.objc; path = BRLogsParser.m; sourceTree = "<group>"; };
		0EB3ED4921E336BD003F0364 /* BRStorageTests.m */ = {isa = PBXFileReference; lastKnownFileType = sourcecode.c.objc; path = BRStorageTests.m; sourceTree = "<group>"; };
		0EB3ED5321E617FA003F0364 /* BRAPIRequest.h */ = {isa = PBXFileReference; lastKnownFileType = sourcecode.c.h; path = BRAPIRequest.h; sourceTree = "<group>"; };
		0EB3ED5421E617FA003F0364 /* BRAPIRequest.m */ = {isa = PBXFileReference; lastKnownFileType = sourcecode.c.objc; path = BRAPIRequest.m; sourceTree = "<group>"; };
		0EB3ED5621E619F7003F0364 /* BRRebuildRequest.h */ = {isa = PBXFileReference; lastKnownFileType = sourcecode.c.h; path = BRRebuildRequest.h; sourceTree = "<group>"; };
		0EB3ED5721E619F7003F0364 /* BRRebuildRequest.m */ = {isa = PBXFileReference; lastKnownFileType = sourcecode.c.objc; path = BRRebuildRequest.m; sourceTree = "<group>"; };
		0EB3ED6E21E7B7F3003F0364 /* BRAbortRequest.h */ = {isa = PBXFileReference; lastKnownFileType = sourcecode.c.h; path = BRAbortRequest.h; sourceTree = "<group>"; };
		0EB3ED6F21E7B7F4003F0364 /* BRAbortRequest.m */ = {isa = PBXFileReference; lastKnownFileType = sourcecode.c.objc; path = BRAbortRequest.m; sourceTree = "<group>"; };
		0EB3ED7121E7BC92003F0364 /* BRBuildsRequest.h */ = {isa = PBXFileReference; lastKnownFileType = sourcecode.c.h; path = BRBuildsRequest.h; sourceTree = "<group>"; };
		0EB3ED7221E7BC92003F0364 /* BRBuildsRequest.m */ = {isa = PBXFileReference; lastKnownFileType = sourcecode.c.objc; path = BRBuildsRequest.m; sourceTree = "<group>"; };
		0EB3ED7421E88E8B003F0364 /* BRAppsRequest.h */ = {isa = PBXFileReference; lastKnownFileType = sourcecode.c.h; path = BRAppsRequest.h; sourceTree = "<group>"; };
		0EB3ED7521E88E8C003F0364 /* BRAppsRequest.m */ = {isa = PBXFileReference; lastKnownFileType = sourcecode.c.objc; path = BRAppsRequest.m; sourceTree = "<group>"; };
		0EB3ED7721E890E1003F0364 /* BRAccountRequest.h */ = {isa = PBXFileReference; lastKnownFileType = sourcecode.c.h; path = BRAccountRequest.h; sourceTree = "<group>"; };
		0EB3ED7821E890E1003F0364 /* BRAccountRequest.m */ = {isa = PBXFileReference; lastKnownFileType = sourcecode.c.objc; path = BRAccountRequest.m; sourceTree = "<group>"; };
		0EBA9D6A2217F9EF007234EB /* BRLogInfo.h */ = {isa = PBXFileReference; lastKnownFileType = sourcecode.c.h; path = BRLogInfo.h; sourceTree = "<group>"; };
		0EBA9D6B2217F9EF007234EB /* BRLogInfo.m */ = {isa = PBXFileReference; lastKnownFileType = sourcecode.c.objc; path = BRLogInfo.m; sourceTree = "<group>"; };
		0EC53F43221B19F900F47B47 /* BRLogsTextViewController.h */ = {isa = PBXFileReference; lastKnownFileType = sourcecode.c.h; path = BRLogsTextViewController.h; sourceTree = "<group>"; };
		0EC53F44221B19F900F47B47 /* BRLogsTextViewController.m */ = {isa = PBXFileReference; lastKnownFileType = sourcecode.c.objc; path = BRLogsTextViewController.m; sourceTree = "<group>"; };
		0ECFF27521CD186E005EC4A4 /* BRSyncResult.h */ = {isa = PBXFileReference; lastKnownFileType = sourcecode.c.h; path = BRSyncResult.h; sourceTree = "<group>"; };
		0ECFF27621CD186E005EC4A4 /* BRSyncResult.m */ = {isa = PBXFileReference; lastKnownFileType = sourcecode.c.objc; path = BRSyncResult.m; sourceTree = "<group>"; };
		0ECFF27821CD1C10005EC4A4 /* BRSyncDiff.h */ = {isa = PBXFileReference; lastKnownFileType = sourcecode.c.h; path = BRSyncDiff.h; sourceTree = "<group>"; };
		0ECFF27921CD1C10005EC4A4 /* BRSyncDiff.m */ = {isa = PBXFileReference; lastKnownFileType = sourcecode.c.objc; path = BRSyncDiff.m; sourceTree = "<group>"; };
		0ED2793C223ABCBA008A35D6 /* BRLogsParserTests.m */ = {isa = PBXFileReference; lastKnownFileType = sourcecode.c.objc; path = BRLogsParserTests.m; sourceTree = "<group>"; };
		0ED38CDA220DE9000006FE69 /* ASLogLoadingOperation.h */ = {isa = PBXFileReference; lastKnownFileType = sourcecode.c.h; path = ASLogLoadingOperation.h; sourceTree = "<group>"; };
		0ED38CDB220DE9000006FE69 /* ASLogLoadingOperation.m */ = {isa = PBXFileReference; lastKnownFileType = sourcecode.c.objc; path = ASLogLoadingOperation.m; sourceTree = "<group>"; };
		0EDC5DDF21BBBB0A00AD41FE /* ASQueue.m */ = {isa = PBXFileReference; fileEncoding = 4; lastKnownFileType = sourcecode.c.objc; path = ASQueue.m; sourceTree = "<group>"; };
		0EDC5DE021BBBB0A00AD41FE /* ASOperation.h */ = {isa = PBXFileReference; fileEncoding = 4; lastKnownFileType = sourcecode.c.h; path = ASOperation.h; sourceTree = "<group>"; };
		0EDC5DE121BBBB0A00AD41FE /* ASQueue.h */ = {isa = PBXFileReference; fileEncoding = 4; lastKnownFileType = sourcecode.c.h; path = ASQueue.h; sourceTree = "<group>"; };
		0EDC5DE221BBBB0A00AD41FE /* ASOperation.m */ = {isa = PBXFileReference; fileEncoding = 4; lastKnownFileType = sourcecode.c.objc; path = ASOperation.m; sourceTree = "<group>"; };
		0EDC5DE521BBFB0A00AD41FE /* BRSyncOperation.h */ = {isa = PBXFileReference; lastKnownFileType = sourcecode.c.h; path = BRSyncOperation.h; sourceTree = "<group>"; };
		0EDC5DE621BBFB0A00AD41FE /* BRSyncOperation.m */ = {isa = PBXFileReference; lastKnownFileType = sourcecode.c.objc; path = BRSyncOperation.m; sourceTree = "<group>"; };
		0EDE7D0621B9346200A39CC4 /* BRSyncEngine.h */ = {isa = PBXFileReference; lastKnownFileType = sourcecode.c.h; path = BRSyncEngine.h; sourceTree = "<group>"; };
		0EDE7D0721B9346200A39CC4 /* BRSyncEngine.m */ = {isa = PBXFileReference; lastKnownFileType = sourcecode.c.objc; path = BRSyncEngine.m; sourceTree = "<group>"; };
		0EE1B85221B4363D005D5140 /* NSDictionary+FRP.m */ = {isa = PBXFileReference; fileEncoding = 4; lastKnownFileType = sourcecode.c.objc; path = "NSDictionary+FRP.m"; sourceTree = "<group>"; };
		0EE1B85421B4363D005D5140 /* NSHashTable+FRP.m */ = {isa = PBXFileReference; fileEncoding = 4; lastKnownFileType = sourcecode.c.objc; path = "NSHashTable+FRP.m"; sourceTree = "<group>"; };
		0EE1B85521B4363D005D5140 /* NSSet+FRP.m */ = {isa = PBXFileReference; fileEncoding = 4; lastKnownFileType = sourcecode.c.objc; path = "NSSet+FRP.m"; sourceTree = "<group>"; };
		0EE1B85621B4363D005D5140 /* NSArray+FRP.h */ = {isa = PBXFileReference; fileEncoding = 4; lastKnownFileType = sourcecode.c.h; path = "NSArray+FRP.h"; sourceTree = "<group>"; };
		0EE1B85721B4363D005D5140 /* NSDictionary+FRP.h */ = {isa = PBXFileReference; fileEncoding = 4; lastKnownFileType = sourcecode.c.h; path = "NSDictionary+FRP.h"; sourceTree = "<group>"; };
		0EE1B85821B4363D005D5140 /* NSHashTable+FRP.h */ = {isa = PBXFileReference; fileEncoding = 4; lastKnownFileType = sourcecode.c.h; path = "NSHashTable+FRP.h"; sourceTree = "<group>"; };
		0EE1B85A21B4363D005D5140 /* NSSet+FRP.h */ = {isa = PBXFileReference; fileEncoding = 4; lastKnownFileType = sourcecode.c.h; path = "NSSet+FRP.h"; sourceTree = "<group>"; };
		0EE1B85B21B4363D005D5140 /* NSArray+FRP.m */ = {isa = PBXFileReference; fileEncoding = 4; lastKnownFileType = sourcecode.c.objc; path = "NSArray+FRP.m"; sourceTree = "<group>"; };
		0EEF655520F5B2AB0012C45D /* BRCellBuilder.h */ = {isa = PBXFileReference; lastKnownFileType = sourcecode.c.h; path = BRCellBuilder.h; sourceTree = "<group>"; };
		0EEF655620F5B2AB0012C45D /* BRCellBuilder.m */ = {isa = PBXFileReference; lastKnownFileType = sourcecode.c.objc; path = BRCellBuilder.m; sourceTree = "<group>"; };
		0EF766A421DDDF6C00E64E0C /* BRAddBuildTokenCommand.h */ = {isa = PBXFileReference; lastKnownFileType = sourcecode.c.h; path = BRAddBuildTokenCommand.h; sourceTree = "<group>"; };
		0EF766A521DDDF6C00E64E0C /* BRAddBuildTokenCommand.m */ = {isa = PBXFileReference; lastKnownFileType = sourcecode.c.objc; path = BRAddBuildTokenCommand.m; sourceTree = "<group>"; };
		0EF766BE21E2637900E64E0C /* BRAboutViewController.h */ = {isa = PBXFileReference; lastKnownFileType = sourcecode.c.h; path = BRAboutViewController.h; sourceTree = "<group>"; };
		0EF766BF21E2637900E64E0C /* BRAboutViewController.m */ = {isa = PBXFileReference; lastKnownFileType = sourcecode.c.objc; path = BRAboutViewController.m; sourceTree = "<group>"; };
		0EF766C221E264E300E64E0C /* BRAboutTextView.h */ = {isa = PBXFileReference; lastKnownFileType = sourcecode.c.h; path = BRAboutTextView.h; sourceTree = "<group>"; };
		0EF766C321E264E300E64E0C /* BRAboutTextView.m */ = {isa = PBXFileReference; lastKnownFileType = sourcecode.c.objc; path = BRAboutTextView.m; sourceTree = "<group>"; };
		0EFB325A22020B5E0045C376 /* BRLogObserver.h */ = {isa = PBXFileReference; lastKnownFileType = sourcecode.c.h; path = BRLogObserver.h; sourceTree = "<group>"; };
		0EFB325B22020B5E0045C376 /* BRLogObserver.m */ = {isa = PBXFileReference; lastKnownFileType = sourcecode.c.objc; path = BRLogObserver.m; sourceTree = "<group>"; };
		0EFD891320F1FDE10023FCCE /* BRBuild+Mapping.h */ = {isa = PBXFileReference; lastKnownFileType = sourcecode.c.h; path = "BRBuild+Mapping.h"; sourceTree = "<group>"; };
		0EFD891420F1FDE10023FCCE /* BRBuild+Mapping.m */ = {isa = PBXFileReference; lastKnownFileType = sourcecode.c.objc; path = "BRBuild+Mapping.m"; sourceTree = "<group>"; };
		0EFD891620F201400023FCCE /* BRAppInfo.h */ = {isa = PBXFileReference; lastKnownFileType = sourcecode.c.h; path = BRAppInfo.h; sourceTree = "<group>"; };
		0EFD891720F201400023FCCE /* BRAppInfo.m */ = {isa = PBXFileReference; lastKnownFileType = sourcecode.c.objc; path = BRAppInfo.m; sourceTree = "<group>"; };
		0EFD893B20F4893B0023FCCE /* BRApp+Mapping.h */ = {isa = PBXFileReference; lastKnownFileType = sourcecode.c.h; path = "BRApp+Mapping.h"; sourceTree = "<group>"; };
		0EFD893C20F4893B0023FCCE /* BRApp+Mapping.m */ = {isa = PBXFileReference; lastKnownFileType = sourcecode.c.objc; path = "BRApp+Mapping.m"; sourceTree = "<group>"; };
		10B888E305E62BABF755A2BB /* Pods-Bitrise.debug.xcconfig */ = {isa = PBXFileReference; includeInIndex = 1; lastKnownFileType = text.xcconfig; name = "Pods-Bitrise.debug.xcconfig"; path = "Pods/Target Support Files/Pods-Bitrise/Pods-Bitrise.debug.xcconfig"; sourceTree = "<group>"; };
		1933E73DED40E2A87EF04BC3 /* Pods-BitriseTests.release.xcconfig */ = {isa = PBXFileReference; includeInIndex = 1; lastKnownFileType = text.xcconfig; name = "Pods-BitriseTests.release.xcconfig"; path = "Pods/Target Support Files/Pods-BitriseTests/Pods-BitriseTests.release.xcconfig"; sourceTree = "<group>"; };
		74C0A871342AC9F3D945FEB5 /* Pods-BitriseTests.debug.xcconfig */ = {isa = PBXFileReference; includeInIndex = 1; lastKnownFileType = text.xcconfig; name = "Pods-BitriseTests.debug.xcconfig"; path = "Pods/Target Support Files/Pods-BitriseTests/Pods-BitriseTests.debug.xcconfig"; sourceTree = "<group>"; };
		A9E0CDE8596D9125C3BCDAB6 /* Pods-Bitrise.release.xcconfig */ = {isa = PBXFileReference; includeInIndex = 1; lastKnownFileType = text.xcconfig; name = "Pods-Bitrise.release.xcconfig"; path = "Pods/Target Support Files/Pods-Bitrise/Pods-Bitrise.release.xcconfig"; sourceTree = "<group>"; };
		EB550FAE0B12AA5E5BBED2E8 /* libPods-Bitrise.a */ = {isa = PBXFileReference; explicitFileType = archive.ar; includeInIndex = 0; path = "libPods-Bitrise.a"; sourceTree = BUILT_PRODUCTS_DIR; };
		EDCC38F36C8ABB179E968B54 /* libPods-BitriseTests.a */ = {isa = PBXFileReference; explicitFileType = archive.ar; includeInIndex = 0; path = "libPods-BitriseTests.a"; sourceTree = BUILT_PRODUCTS_DIR; };
/* End PBXFileReference section */

/* Begin PBXFrameworksBuildPhase section */
		0E42CAD220EC7A7E0033CD03 /* Frameworks */ = {
			isa = PBXFrameworksBuildPhase;
			buildActionMask = 2147483647;
			files = (
				8A6E00C56C408BC470C8A65C /* libPods-Bitrise.a in Frameworks */,
			);
			runOnlyForDeploymentPostprocessing = 0;
		};
		0E42CAE820EC7A800033CD03 /* Frameworks */ = {
			isa = PBXFrameworksBuildPhase;
			buildActionMask = 2147483647;
			files = (
				6B9EB643B31D43C782DFEAE2 /* libPods-BitriseTests.a in Frameworks */,
			);
			runOnlyForDeploymentPostprocessing = 0;
		};
/* End PBXFrameworksBuildPhase section */

/* Begin PBXGroup section */
		0E30344321CEDDA6001757C0 /* Menus */ = {
			isa = PBXGroup;
			children = (
				0E30344421CEDDD0001757C0 /* BRSettingsMenuController.h */,
				0E30344521CEDDD0001757C0 /* BRSettingsMenuController.m */,
				0E51715A21D2074E000D470E /* BRBuildMenuController.h */,
				0E51715B21D2074E000D470E /* BRBuildMenuController.m */,
				0E8DFB4821D7A7D700E7E5AC /* BRAccountsMenuController.h */,
				0E8DFB4921D7A7D700E7E5AC /* BRAccountsMenuController.m */,
			);
			path = Menus;
			sourceTree = "<group>";
		};
		0E42CACC20EC7A7E0033CD03 = {
			isa = PBXGroup;
			children = (
				0E42CAD720EC7A7E0033CD03 /* Bitrise */,
				0E42CAEE20EC7A800033CD03 /* BitriseTests */,
				0E42CAD620EC7A7E0033CD03 /* Products */,
				69A9F2BFB5AB6510F4520CA0 /* Pods */,
				C13880202AEAF4B31EFDD304 /* Frameworks */,
			);
			sourceTree = "<group>";
		};
		0E42CAD620EC7A7E0033CD03 /* Products */ = {
			isa = PBXGroup;
			children = (
				0E42CAD520EC7A7E0033CD03 /* Bitrise.app */,
				0E42CAEB20EC7A800033CD03 /* BitriseTests.xctest */,
			);
			name = Products;
			sourceTree = "<group>";
		};
		0E42CAD720EC7A7E0033CD03 /* Bitrise */ = {
			isa = PBXGroup;
			children = (
				0E42CAE320EC7A800033CD03 /* Info.plist */,
				0E42CAE420EC7A800033CD03 /* main.m */,
				0E42CAE620EC7A800033CD03 /* Bitrise.entitlements */,
				0E42CAD820EC7A7E0033CD03 /* AppDelegate.h */,
				0E42CAD920EC7A7E0033CD03 /* AppDelegate.m */,
				0E9F413620FEFA510083D646 /* Tools */,
				0E7A18BB21CCE5970096E1E6 /* Environment */,
				0E73597E20EF8D73007E15A7 /* Container */,
				0E42CAFB20EC7AF60033CD03 /* Controller */,
				0E42CAFA20EC7AEF0033CD03 /* View */,
				0EDE7D0521B9344200A39CC4 /* Sync */,
				0E8E9B5020F07FF400494DEB /* Networking */,
				0E8E9B5120F0817600494DEB /* Storage */,
				0E42CAFC20EC7B070033CD03 /* Resources */,
			);
			path = Bitrise;
			sourceTree = "<group>";
		};
		0E42CAEE20EC7A800033CD03 /* BitriseTests */ = {
			isa = PBXGroup;
			children = (
				0EAB9DC92222CFC100A21D23 /* Stubs */,
				0EAB9DC22222C53800A21D23 /* TestTools */,
				0EB3ED4821E3369D003F0364 /* Storage */,
				0E42CAF120EC7A800033CD03 /* Info.plist */,
			);
			path = BitriseTests;
			sourceTree = "<group>";
		};
		0E42CAFA20EC7AEF0033CD03 /* View */ = {
			isa = PBXGroup;
			children = (
				0EF766C121E264C500E64E0C /* Custom */,
				0E30344321CEDDA6001757C0 /* Menus */,
				0E42CB0020EC893C0033CD03 /* Cells */,
				0E42CAE020EC7A800033CD03 /* Main.storyboard */,
				0E51715721D149FD000D470E /* BRSegue.h */,
				0EEF655520F5B2AB0012C45D /* BRCellBuilder.h */,
				0EEF655620F5B2AB0012C45D /* BRCellBuilder.m */,
				0E3C0B002117008200F2EA35 /* BRBuildStateInfo.h */,
				0E3C0B012117008200F2EA35 /* BRBuildStateInfo.m */,
				0EAB9D7A221F0A1A00A21D23 /* BRProgressObserver.h */,
				0EAB9D7B221F0A1A00A21D23 /* BRProgressObserver.m */,
			);
			path = View;
			sourceTree = "<group>";
		};
		0E42CAFB20EC7AF60033CD03 /* Controller */ = {
			isa = PBXGroup;
			children = (
				0EAB9D79221F099100A21D23 /* Accounts */,
				0EAB9D78221F096F00A21D23 /* Logs */,
				0E73598520EF93B8007E15A7 /* BRViewController.h */,
				0E73598620EF93B8007E15A7 /* BRViewController.m */,
				0E42CAFD20EC7BB40033CD03 /* BRMainController.h */,
				0E42CAFE20EC7BB40033CD03 /* BRMainController.m */,
				0EF766BE21E2637900E64E0C /* BRAboutViewController.h */,
				0EF766BF21E2637900E64E0C /* BRAboutViewController.m */,
			);
			path = Controller;
			sourceTree = "<group>";
		};
		0E42CAFC20EC7B070033CD03 /* Resources */ = {
			isa = PBXGroup;
			children = (
				0E42CADE20EC7A800033CD03 /* Assets.xcassets */,
			);
			path = Resources;
			sourceTree = "<group>";
		};
		0E42CB0020EC893C0033CD03 /* Cells */ = {
			isa = PBXGroup;
			children = (
				0E42CB0120EC89550033CD03 /* BRAppCellView.h */,
				0E42CB0220EC89550033CD03 /* BRAppCellView.m */,
				0E42CB0420EC896B0033CD03 /* BRBuildCellView.h */,
				0E42CB0520EC896B0033CD03 /* BRBuildCellView.m */,
				0E8E9B4D20F07D2000494DEB /* BRAccountCellView.h */,
				0E8E9B4E20F07D2000494DEB /* BRAccountCellView.m */,
				0E8DFB4521D7A05C00E7E5AC /* BRManagingAppCellView.h */,
				0E8DFB4621D7A05C00E7E5AC /* BRManagingAppCellView.m */,
				0E348F182213130A000343A1 /* BRLogLineView.h */,
				0E348F192213130A000343A1 /* BRLogLineView.m */,
				0E92F5DA223D0111007AC61B /* BRLogStepView.h */,
				0E92F5DB223D0111007AC61B /* BRLogStepView.m */,
			);
			path = Cells;
			sourceTree = "<group>";
		};
		0E42CB0720EC89AB0033CD03 /* Data Sources */ = {
			isa = PBXGroup;
			children = (
				0E42CB0820EC89D00033CD03 /* BRAppsDataSource.h */,
				0E42CB0920EC89D00033CD03 /* BRAppsDataSource.m */,
				0E73598220EF8ED3007E15A7 /* BRAccountsDataSource.h */,
				0E73598320EF8ED3007E15A7 /* BRAccountsDataSource.m */,
				0E02C9AC22103ED100FCFE17 /* BRLogsDataSource.h */,
				0E02C9AD22103ED100FCFE17 /* BRLogsDataSource.m */,
			);
			path = "Data Sources";
			sourceTree = "<group>";
		};
		0E42CB0B20EC8AD70033CD03 /* Models */ = {
			isa = PBXGroup;
			children = (
				0E93B70A20F0F9A6001A6C15 /* Mappings */,
				0E93B6FC20F085E8001A6C15 /* BRAccountInfo.h */,
				0E93B6FD20F085E8001A6C15 /* BRAccountInfo.m */,
				0E93B70720F0D110001A6C15 /* BRBuildInfo.h */,
				0E93B70820F0D110001A6C15 /* BRBuildInfo.m */,
				0EFD891620F201400023FCCE /* BRAppInfo.h */,
				0EFD891720F201400023FCCE /* BRAppInfo.m */,
				0E42CB0C20EC8AFD0033CD03 /* bitrise.xcdatamodeld */,
				0EBA9D6A2217F9EF007234EB /* BRLogInfo.h */,
				0EBA9D6B2217F9EF007234EB /* BRLogInfo.m */,
			);
			path = Models;
			sourceTree = "<group>";
		};
		0E4AD07A2205CFC900257E8E /* LogObserver */ = {
			isa = PBXGroup;
			children = (
				0EFB325A22020B5E0045C376 /* BRLogObserver.h */,
				0EFB325B22020B5E0045C376 /* BRLogObserver.m */,
				0E4AD07B2205D01600257E8E /* ASLogObservingOperation.h */,
				0E4AD07C2205D01600257E8E /* ASLogObservingOperation.m */,
				0ED38CDA220DE9000006FE69 /* ASLogLoadingOperation.h */,
				0ED38CDB220DE9000006FE69 /* ASLogLoadingOperation.m */,
				0E9A7E0A221DBD75002FCBE4 /* ASLogOperation.h */,
			);
			path = LogObserver;
			sourceTree = "<group>";
		};
		0E51716021D2AD6E000D470E /* Account */ = {
			isa = PBXGroup;
			children = (
				0E8E9B5620F0820D00494DEB /* BRGetAccountCommand.h */,
				0E8E9B5720F0820D00494DEB /* BRGetAccountCommand.m */,
				0E93B70020F08EF2001A6C15 /* BRRemoveAccountCommand.h */,
				0E93B70120F08EF2001A6C15 /* BRRemoveAccountCommand.m */,
			);
			path = Account;
			sourceTree = "<group>";
		};
		0E51716121D2AD89000D470E /* Actions */ = {
			isa = PBXGroup;
			children = (
				0E3C0B062117607A00F2EA35 /* BRRebuildCommand.h */,
				0E3C0B072117607A00F2EA35 /* BRRebuildCommand.m */,
				0E3C0B092117609900F2EA35 /* BRAbortCommand.h */,
				0E3C0B0A2117609900F2EA35 /* BRAbortCommand.m */,
				0E3C0B0C211760AC00F2EA35 /* BRDownloadLogsCommand.h */,
				0E3C0B0D211760AC00F2EA35 /* BRDownloadLogsCommand.m */,
				0E3C0B0F211760C000F2EA35 /* BROpenBuildCommand.h */,
				0E3C0B10211760C000F2EA35 /* BROpenBuildCommand.m */,
			);
			path = Actions;
			sourceTree = "<group>";
		};
		0E73597E20EF8D73007E15A7 /* Container */ = {
			isa = PBXGroup;
			children = (
				0E73597520EDF0A0007E15A7 /* BRContainerBuilder.h */,
				0E73597620EDF0A0007E15A7 /* BRContainerBuilder.m */,
				0E73597F20EF8D92007E15A7 /* BRDependencyContainer.h */,
				0E73598020EF8D92007E15A7 /* BRDependencyContainer.m */,
			);
			path = Container;
			sourceTree = "<group>";
		};
		0E7A18BB21CCE5970096E1E6 /* Environment */ = {
			isa = PBXGroup;
			children = (
				0E7A18BC21CCE5B10096E1E6 /* BREnvironment.h */,
				0E7A18BD21CCE5B10096E1E6 /* BREnvironment.m */,
				0E30344821CEE217001757C0 /* BRAutorun.h */,
				0E30344721CEE217001757C0 /* BRAutorun.m */,
				0E1E9F20227D81E7002F7ED1 /* BRAnalytics.h */,
				0E1E9F21227D81E7002F7ED1 /* BRAnalytics.m */,
			);
			path = Environment;
			sourceTree = "<group>";
		};
		0E8E9B5020F07FF400494DEB /* Networking */ = {
			isa = PBXGroup;
			children = (
				0E4AD07A2205CFC900257E8E /* LogObserver */,
				0EB3ED5221E617E3003F0364 /* Requests */,
				0E93B6FF20F08ECD001A6C15 /* Commands */,
				0E8E9B5320F0819E00494DEB /* BRBitriseAPI.h */,
				0E8E9B5420F0819E00494DEB /* BRBitriseAPI.m */,
				0E5C720C20F90A5B00E5A082 /* BRObserver.h */,
				0E5C720D20F90A5B00E5A082 /* BRObserver.m */,
				0E51715D21D20E96000D470E /* BRActionDispatcher.h */,
				0E51715E21D20E96000D470E /* BRActionDispatcher.m */,
			);
			path = Networking;
			sourceTree = "<group>";
		};
		0E8E9B5120F0817600494DEB /* Storage */ = {
			isa = PBXGroup;
			children = (
				0E42CB0B20EC8AD70033CD03 /* Models */,
				0E42CB0720EC89AB0033CD03 /* Data Sources */,
				0E93B6F520F0837B001A6C15 /* BRStorage.h */,
				0E93B6F620F0837B001A6C15 /* BRStorage.m */,
				0EAB9DD92225AD7C00A21D23 /* BRLogsParser.h */,
				0EAB9DDA2225AD7C00A21D23 /* BRLogsParser.m */,
				0E52AB7E2242A4A60020A943 /* BRLogStorage.h */,
				0E52AB7F2242A4A60020A943 /* BRLogStorage.m */,
			);
			path = Storage;
			sourceTree = "<group>";
		};
		0E93B6FF20F08ECD001A6C15 /* Commands */ = {
			isa = PBXGroup;
			children = (
				0E51716021D2AD6E000D470E /* Account */,
				0E51716121D2AD89000D470E /* Actions */,
				0E9F413320FEF8BF0083D646 /* BRCommand.h */,
				0E3C0B122117627700F2EA35 /* BRCommand.m */,
				0E93B70320F09A85001A6C15 /* BRSyncCommand.h */,
				0E93B70420F09A85001A6C15 /* BRSyncCommand.m */,
				0EF766A421DDDF6C00E64E0C /* BRAddBuildTokenCommand.h */,
				0EF766A521DDDF6C00E64E0C /* BRAddBuildTokenCommand.m */,
			);
			path = Commands;
			sourceTree = "<group>";
		};
		0E93B70A20F0F9A6001A6C15 /* Mappings */ = {
			isa = PBXGroup;
			children = (
				0E93B70B20F0F9BB001A6C15 /* BTRAccount+Mapping.h */,
				0E93B70C20F0F9BB001A6C15 /* BTRAccount+Mapping.m */,
				0EFD891320F1FDE10023FCCE /* BRBuild+Mapping.h */,
				0EFD891420F1FDE10023FCCE /* BRBuild+Mapping.m */,
				0EFD893B20F4893B0023FCCE /* BRApp+Mapping.h */,
				0EFD893C20F4893B0023FCCE /* BRApp+Mapping.m */,
				0E4AD07F2205D65A00257E8E /* BRBuildLog+Mapping.h */,
				0E4AD0802205D65A00257E8E /* BRBuildLog+Mapping.m */,
			);
			path = Mappings;
			sourceTree = "<group>";
		};
		0E9F413620FEFA510083D646 /* Tools */ = {
			isa = PBXGroup;
			children = (
				0E9F413720FEFA6A0083D646 /* BRMacro.h */,
				0EDC5DDE21BBBB0A00AD41FE /* Queue */,
				0EE1B85121B4363D005D5140 /* Collection Extensions */,
			);
			path = Tools;
			sourceTree = "<group>";
		};
		0EAB9D78221F096F00A21D23 /* Logs */ = {
			isa = PBXGroup;
			children = (
				0E4AD08B2205FEBA00257E8E /* BRLogsViewController.h */,
				0E4AD08C2205FEBA00257E8E /* BRLogsViewController.m */,
				0EC53F43221B19F900F47B47 /* BRLogsTextViewController.h */,
				0EC53F44221B19F900F47B47 /* BRLogsTextViewController.m */,
				0EAB9D74221F043100A21D23 /* BRLogsWindowPresenter.h */,
				0EAB9D75221F043100A21D23 /* BRLogsWindowPresenter.m */,
				0E1ED8F522282C3400A432B1 /* BRLogsWindowController.h */,
				0E1ED8F622282C3400A432B1 /* BRLogsWindowController.m */,
			);
			path = Logs;
			sourceTree = "<group>";
		};
		0EAB9D79221F099100A21D23 /* Accounts */ = {
			isa = PBXGroup;
			children = (
				0E73597820EDF5D5007E15A7 /* BRAccountsViewController.h */,
				0E73597920EDF5D5007E15A7 /* BRAccountsViewController.m */,
				0E8DFB4B21DA28EC00E7E5AC /* BRKeyInputViewController.h */,
				0E8DFB4C21DA28EC00E7E5AC /* BRKeyInputViewController.m */,
				0E8DFB4E21DA2E7700E7E5AC /* BRKeyRequestContext.h */,
				0E8DFB4F21DA2E7700E7E5AC /* BRKeyRequestContext.m */,
			);
			path = Accounts;
			sourceTree = "<group>";
		};
		0EAB9DC22222C53800A21D23 /* TestTools */ = {
			isa = PBXGroup;
			children = (
				0EAB9DC32222C57E00A21D23 /* BRMockBuilder.h */,
				0EAB9DC42222C57E00A21D23 /* BRMockBuilder.m */,
				0EAB9DC62222CD2300A21D23 /* BRLogStubBuilder.h */,
				0EAB9DC72222CD2300A21D23 /* BRLogStubBuilder.m */,
			);
			path = TestTools;
			sourceTree = "<group>";
		};
		0EAB9DC92222CFC100A21D23 /* Stubs */ = {
			isa = PBXGroup;
			children = (
				0EAB9DCA2222CFC700A21D23 /* Logs */,
			);
			path = Stubs;
			sourceTree = "<group>";
		};
		0EAB9DCA2222CFC700A21D23 /* Logs */ = {
			isa = PBXGroup;
			children = (
				0EAB9DCB2222CFED00A21D23 /* LogResponse_10chunks_finished.json */,
				0EAB9DCE2222D1D700A21D23 /* LogResponse_10chunks_running.json */,
			);
			path = Logs;
			sourceTree = "<group>";
		};
		0EB3ED4821E3369D003F0364 /* Storage */ = {
			isa = PBXGroup;
			children = (
				0EB3ED4921E336BD003F0364 /* BRStorageTests.m */,
				0ED2793C223ABCBA008A35D6 /* BRLogsParserTests.m */,
			);
			path = Storage;
			sourceTree = "<group>";
		};
		0EB3ED5221E617E3003F0364 /* Requests */ = {
			isa = PBXGroup;
			children = (
				0EB3ED5321E617FA003F0364 /* BRAPIRequest.h */,
				0EB3ED5421E617FA003F0364 /* BRAPIRequest.m */,
				0EB3ED5621E619F7003F0364 /* BRRebuildRequest.h */,
				0EB3ED5721E619F7003F0364 /* BRRebuildRequest.m */,
				0EB3ED6E21E7B7F3003F0364 /* BRAbortRequest.h */,
				0EB3ED6F21E7B7F4003F0364 /* BRAbortRequest.m */,
				0EB3ED7121E7BC92003F0364 /* BRBuildsRequest.h */,
				0EB3ED7221E7BC92003F0364 /* BRBuildsRequest.m */,
				0EB3ED7421E88E8B003F0364 /* BRAppsRequest.h */,
				0EB3ED7521E88E8C003F0364 /* BRAppsRequest.m */,
				0EB3ED7721E890E1003F0364 /* BRAccountRequest.h */,
				0EB3ED7821E890E1003F0364 /* BRAccountRequest.m */,
				0E4AD0872205F9D200257E8E /* BRLogsRequest.h */,
				0E4AD0882205F9D200257E8E /* BRLogsRequest.m */,
			);
			path = Requests;
			sourceTree = "<group>";
		};
		0EDC5DDE21BBBB0A00AD41FE /* Queue */ = {
			isa = PBXGroup;
			children = (
				0EDC5DE121BBBB0A00AD41FE /* ASQueue.h */,
				0EDC5DDF21BBBB0A00AD41FE /* ASQueue.m */,
				0EDC5DE021BBBB0A00AD41FE /* ASOperation.h */,
				0EDC5DE221BBBB0A00AD41FE /* ASOperation.m */,
			);
			path = Queue;
			sourceTree = "<group>";
		};
		0EDE7D0521B9344200A39CC4 /* Sync */ = {
			isa = PBXGroup;
			children = (
				0EDE7D0621B9346200A39CC4 /* BRSyncEngine.h */,
				0EDE7D0721B9346200A39CC4 /* BRSyncEngine.m */,
				0EDC5DE521BBFB0A00AD41FE /* BRSyncOperation.h */,
				0EDC5DE621BBFB0A00AD41FE /* BRSyncOperation.m */,
				0ECFF27521CD186E005EC4A4 /* BRSyncResult.h */,
				0ECFF27621CD186E005EC4A4 /* BRSyncResult.m */,
				0ECFF27821CD1C10005EC4A4 /* BRSyncDiff.h */,
				0ECFF27921CD1C10005EC4A4 /* BRSyncDiff.m */,
				0E8DFB4221D792D000E7E5AC /* BRAddAccountOperation.h */,
				0E8DFB4321D792D000E7E5AC /* BRAddAccountOperation.m */,
			);
			path = Sync;
			sourceTree = "<group>";
		};
		0EE1B85121B4363D005D5140 /* Collection Extensions */ = {
			isa = PBXGroup;
			children = (
				0EE1B85721B4363D005D5140 /* NSDictionary+FRP.h */,
				0EE1B85221B4363D005D5140 /* NSDictionary+FRP.m */,
				0EE1B85821B4363D005D5140 /* NSHashTable+FRP.h */,
				0EE1B85421B4363D005D5140 /* NSHashTable+FRP.m */,
				0EE1B85A21B4363D005D5140 /* NSSet+FRP.h */,
				0EE1B85521B4363D005D5140 /* NSSet+FRP.m */,
				0EE1B85621B4363D005D5140 /* NSArray+FRP.h */,
				0EE1B85B21B4363D005D5140 /* NSArray+FRP.m */,
			);
			path = "Collection Extensions";
			sourceTree = "<group>";
		};
		0EF766C121E264C500E64E0C /* Custom */ = {
			isa = PBXGroup;
			children = (
				0EF766C221E264E300E64E0C /* BRAboutTextView.h */,
				0EF766C321E264E300E64E0C /* BRAboutTextView.m */,
				0E1ED8F122282B3200A432B1 /* BRLogStatusView.h */,
				0E1ED8F222282B3200A432B1 /* BRLogStatusView.m */,
			);
			path = Custom;
			sourceTree = "<group>";
		};
		69A9F2BFB5AB6510F4520CA0 /* Pods */ = {
			isa = PBXGroup;
			children = (
				10B888E305E62BABF755A2BB /* Pods-Bitrise.debug.xcconfig */,
				A9E0CDE8596D9125C3BCDAB6 /* Pods-Bitrise.release.xcconfig */,
				74C0A871342AC9F3D945FEB5 /* Pods-BitriseTests.debug.xcconfig */,
				1933E73DED40E2A87EF04BC3 /* Pods-BitriseTests.release.xcconfig */,
			);
			name = Pods;
			sourceTree = "<group>";
		};
		C13880202AEAF4B31EFDD304 /* Frameworks */ = {
			isa = PBXGroup;
			children = (
				EB550FAE0B12AA5E5BBED2E8 /* libPods-Bitrise.a */,
				EDCC38F36C8ABB179E968B54 /* libPods-BitriseTests.a */,
			);
			name = Frameworks;
			sourceTree = "<group>";
		};
/* End PBXGroup section */

/* Begin PBXNativeTarget section */
		0E42CAD420EC7A7E0033CD03 /* Bitrise */ = {
			isa = PBXNativeTarget;
			buildConfigurationList = 0E42CAF420EC7A800033CD03 /* Build configuration list for PBXNativeTarget "Bitrise" */;
			buildPhases = (
				8FF667CF5704BB83CE6661CB /* [CP] Check Pods Manifest.lock */,
				0E42CAD120EC7A7E0033CD03 /* Sources */,
				0E42CAD220EC7A7E0033CD03 /* Frameworks */,
				0EF766BD21E2613C00E64E0C /* Bump build version */,
				0E42CAD320EC7A7E0033CD03 /* Resources */,
			);
			buildRules = (
			);
			dependencies = (
			);
			name = Bitrise;
			productName = Bitrise;
			productReference = 0E42CAD520EC7A7E0033CD03 /* Bitrise.app */;
			productType = "com.apple.product-type.application";
		};
		0E42CAEA20EC7A800033CD03 /* BitriseTests */ = {
			isa = PBXNativeTarget;
			buildConfigurationList = 0E42CAF720EC7A800033CD03 /* Build configuration list for PBXNativeTarget "BitriseTests" */;
			buildPhases = (
				5C9C0C02850C6AC45699EBC5 /* [CP] Check Pods Manifest.lock */,
				0E42CAE720EC7A800033CD03 /* Sources */,
				0E42CAE820EC7A800033CD03 /* Frameworks */,
				0E42CAE920EC7A800033CD03 /* Resources */,
			);
			buildRules = (
			);
			dependencies = (
				0E42CAED20EC7A800033CD03 /* PBXTargetDependency */,
			);
			name = BitriseTests;
			productName = BitriseTests;
			productReference = 0E42CAEB20EC7A800033CD03 /* BitriseTests.xctest */;
			productType = "com.apple.product-type.bundle.unit-test";
		};
/* End PBXNativeTarget section */

/* Begin PBXProject section */
		0E42CACD20EC7A7E0033CD03 /* Project object */ = {
			isa = PBXProject;
			attributes = {
				LastUpgradeCheck = 1020;
				ORGANIZATIONNAME = Bitrise;
				TargetAttributes = {
					0E42CAD420EC7A7E0033CD03 = {
						CreatedOnToolsVersion = 10.0;
						SystemCapabilities = {
							com.apple.Sandbox = {
								enabled = 1;
							};
						};
					};
					0E42CAEA20EC7A800033CD03 = {
						CreatedOnToolsVersion = 10.0;
						TestTargetID = 0E42CAD420EC7A7E0033CD03;
					};
				};
			};
			buildConfigurationList = 0E42CAD020EC7A7E0033CD03 /* Build configuration list for PBXProject "Bitrise" */;
			compatibilityVersion = "Xcode 9.3";
			developmentRegion = en;
			hasScannedForEncodings = 0;
			knownRegions = (
				en,
				Base,
			);
			mainGroup = 0E42CACC20EC7A7E0033CD03;
			productRefGroup = 0E42CAD620EC7A7E0033CD03 /* Products */;
			projectDirPath = "";
			projectRoot = "";
			targets = (
				0E42CAD420EC7A7E0033CD03 /* Bitrise */,
				0E42CAEA20EC7A800033CD03 /* BitriseTests */,
			);
		};
/* End PBXProject section */

/* Begin PBXResourcesBuildPhase section */
		0E42CAD320EC7A7E0033CD03 /* Resources */ = {
			isa = PBXResourcesBuildPhase;
			buildActionMask = 2147483647;
			files = (
				0E42CADF20EC7A800033CD03 /* Assets.xcassets in Resources */,
				0E42CAE220EC7A800033CD03 /* Main.storyboard in Resources */,
			);
			runOnlyForDeploymentPostprocessing = 0;
		};
		0E42CAE920EC7A800033CD03 /* Resources */ = {
			isa = PBXResourcesBuildPhase;
			buildActionMask = 2147483647;
			files = (
				0EAB9DCC2222CFED00A21D23 /* LogResponse_10chunks_finished.json in Resources */,
				0EAB9DCF2222D1D700A21D23 /* LogResponse_10chunks_running.json in Resources */,
			);
			runOnlyForDeploymentPostprocessing = 0;
		};
/* End PBXResourcesBuildPhase section */

/* Begin PBXShellScriptBuildPhase section */
		0EF766BD21E2613C00E64E0C /* Bump build version */ = {
			isa = PBXShellScriptBuildPhase;
			buildActionMask = 2147483647;
			files = (
			);
			inputFileListPaths = (
			);
			inputPaths = (
			);
			name = "Bump build version";
			outputFileListPaths = (
			);
			outputPaths = (
			);
			runOnlyForDeploymentPostprocessing = 0;
			shellPath = /bin/sh;
			shellScript = "VERSIONNUM=$(/usr/libexec/PlistBuddy -c \"Print CFBundleVersion\" \"${PROJECT_DIR}/${INFOPLIST_FILE}\")\nNEWVERSION=$(($VERSIONNUM + 1))\necho \"Bump build version from ${VERSIONNUM} to ${NEWVERSION}\"\n/usr/libexec/PlistBuddy -c \"Set :CFBundleVersion $NEWVERSION\" \"${PROJECT_DIR}/${INFOPLIST_FILE}\"\n";
		};
		5C9C0C02850C6AC45699EBC5 /* [CP] Check Pods Manifest.lock */ = {
			isa = PBXShellScriptBuildPhase;
			buildActionMask = 2147483647;
			files = (
			);
			inputFileListPaths = (
			);
			inputPaths = (
				"${PODS_PODFILE_DIR_PATH}/Podfile.lock",
				"${PODS_ROOT}/Manifest.lock",
			);
			name = "[CP] Check Pods Manifest.lock";
			outputFileListPaths = (
			);
			outputPaths = (
				"$(DERIVED_FILE_DIR)/Pods-BitriseTests-checkManifestLockResult.txt",
			);
			runOnlyForDeploymentPostprocessing = 0;
			shellPath = /bin/sh;
			shellScript = "diff \"${PODS_PODFILE_DIR_PATH}/Podfile.lock\" \"${PODS_ROOT}/Manifest.lock\" > /dev/null\nif [ $? != 0 ] ; then\n    # print error to STDERR\n    echo \"error: The sandbox is not in sync with the Podfile.lock. Run 'pod install' or update your CocoaPods installation.\" >&2\n    exit 1\nfi\n# This output is used by Xcode 'outputs' to avoid re-running this script phase.\necho \"SUCCESS\" > \"${SCRIPT_OUTPUT_FILE_0}\"\n";
			showEnvVarsInLog = 0;
		};
		8FF667CF5704BB83CE6661CB /* [CP] Check Pods Manifest.lock */ = {
			isa = PBXShellScriptBuildPhase;
			buildActionMask = 2147483647;
			files = (
			);
			inputFileListPaths = (
			);
			inputPaths = (
				"${PODS_PODFILE_DIR_PATH}/Podfile.lock",
				"${PODS_ROOT}/Manifest.lock",
			);
			name = "[CP] Check Pods Manifest.lock";
			outputFileListPaths = (
			);
			outputPaths = (
				"$(DERIVED_FILE_DIR)/Pods-Bitrise-checkManifestLockResult.txt",
			);
			runOnlyForDeploymentPostprocessing = 0;
			shellPath = /bin/sh;
			shellScript = "diff \"${PODS_PODFILE_DIR_PATH}/Podfile.lock\" \"${PODS_ROOT}/Manifest.lock\" > /dev/null\nif [ $? != 0 ] ; then\n    # print error to STDERR\n    echo \"error: The sandbox is not in sync with the Podfile.lock. Run 'pod install' or update your CocoaPods installation.\" >&2\n    exit 1\nfi\n# This output is used by Xcode 'outputs' to avoid re-running this script phase.\necho \"SUCCESS\" > \"${SCRIPT_OUTPUT_FILE_0}\"\n";
			showEnvVarsInLog = 0;
		};
/* End PBXShellScriptBuildPhase section */

/* Begin PBXSourcesBuildPhase section */
		0E42CAD120EC7A7E0033CD03 /* Sources */ = {
			isa = PBXSourcesBuildPhase;
			buildActionMask = 2147483647;
			files = (
				0E1ED8F722282C3400A432B1 /* BRLogsWindowController.m in Sources */,
				0E30344621CEDDD0001757C0 /* BRSettingsMenuController.m in Sources */,
				0E93B70920F0D110001A6C15 /* BRBuildInfo.m in Sources */,
				0E73598720EF93B8007E15A7 /* BRViewController.m in Sources */,
				0E02C9AE22103ED100FCFE17 /* BRLogsDataSource.m in Sources */,
				0EFB325C22020B5E0045C376 /* BRLogObserver.m in Sources */,
				0E4AD0892205F9D200257E8E /* BRLogsRequest.m in Sources */,
				0EBA9D6C2217F9EF007234EB /* BRLogInfo.m in Sources */,
				0E52AB802242A4A60020A943 /* BRLogStorage.m in Sources */,
				0EE1B85E21B4363D005D5140 /* NSSet+FRP.m in Sources */,
				0EEF655720F5B2AB0012C45D /* BRCellBuilder.m in Sources */,
				0E42CB0A20EC89D00033CD03 /* BRAppsDataSource.m in Sources */,
				0E8DFB5021DA2E7700E7E5AC /* BRKeyRequestContext.m in Sources */,
				0E4AD08D2205FEBA00257E8E /* BRLogsViewController.m in Sources */,
				0E1ED8F322282B3200A432B1 /* BRLogStatusView.m in Sources */,
				0EF766C421E264E400E64E0C /* BRAboutTextView.m in Sources */,
				0E3C0B11211760C000F2EA35 /* BROpenBuildCommand.m in Sources */,
				0E42CB0620EC896B0033CD03 /* BRBuildCellView.m in Sources */,
				0EAB9DDB2225AD7C00A21D23 /* BRLogsParser.m in Sources */,
				0ECFF27721CD186E005EC4A4 /* BRSyncResult.m in Sources */,
				0E73598120EF8D92007E15A7 /* BRDependencyContainer.m in Sources */,
				0E1E9F22227D81E7002F7ED1 /* BRAnalytics.m in Sources */,
				0EAB9D76221F043100A21D23 /* BRLogsWindowPresenter.m in Sources */,
				0E8E9B5820F0820D00494DEB /* BRGetAccountCommand.m in Sources */,
				0E93B70220F08EF2001A6C15 /* BRRemoveAccountCommand.m in Sources */,
				0EE1B85D21B4363D005D5140 /* NSHashTable+FRP.m in Sources */,
				0E30344921CEE218001757C0 /* BRAutorun.m in Sources */,
				0E4AD0812205D65A00257E8E /* BRBuildLog+Mapping.m in Sources */,
				0E3C0B0B2117609900F2EA35 /* BRAbortCommand.m in Sources */,
				0EB3ED5821E619F7003F0364 /* BRRebuildRequest.m in Sources */,
				0EFD891520F1FDE10023FCCE /* BRBuild+Mapping.m in Sources */,
				0EE1B85C21B4363D005D5140 /* NSDictionary+FRP.m in Sources */,
				0E93B70520F09A85001A6C15 /* BRSyncCommand.m in Sources */,
				0E348F1A2213130A000343A1 /* BRLogLineView.m in Sources */,
				0E4AD07D2205D01600257E8E /* ASLogObservingOperation.m in Sources */,
				0E8E9B4F20F07D2000494DEB /* BRAccountCellView.m in Sources */,
				0E42CAE520EC7A800033CD03 /* main.m in Sources */,
				0EDC5DE321BBBB0A00AD41FE /* ASQueue.m in Sources */,
				0E42CAFF20EC7BB40033CD03 /* BRMainController.m in Sources */,
				0EAB9DCD2222CFFC00A21D23 /* BRStorage.m in Sources */,
				0E8E9B5520F0819E00494DEB /* BRBitriseAPI.m in Sources */,
				0EC53F45221B19F900F47B47 /* BRLogsTextViewController.m in Sources */,
				0EB3ED7021E7B7F4003F0364 /* BRAbortRequest.m in Sources */,
				0EDC5DE421BBBB0A00AD41FE /* ASOperation.m in Sources */,
				0E93B70D20F0F9BB001A6C15 /* BTRAccount+Mapping.m in Sources */,
				0EFD893D20F4893B0023FCCE /* BRApp+Mapping.m in Sources */,
				0E3C0B022117008200F2EA35 /* BRBuildStateInfo.m in Sources */,
				0E42CB0E20EC8AFD0033CD03 /* bitrise.xcdatamodeld in Sources */,
				0E73597720EDF0A0007E15A7 /* BRContainerBuilder.m in Sources */,
				0EB3ED7921E890E1003F0364 /* BRAccountRequest.m in Sources */,
				0EF766C021E2637900E64E0C /* BRAboutViewController.m in Sources */,
				0E42CB0320EC89550033CD03 /* BRAppCellView.m in Sources */,
				0EE1B86021B4363D005D5140 /* NSArray+FRP.m in Sources */,
				0E73598420EF8ED3007E15A7 /* BRAccountsDataSource.m in Sources */,
				0E42CADA20EC7A7E0033CD03 /* AppDelegate.m in Sources */,
				0E73597A20EDF5D5007E15A7 /* BRAccountsViewController.m in Sources */,
				0EDE7D0821B9346200A39CC4 /* BRSyncEngine.m in Sources */,
				0E8DFB4421D792D000E7E5AC /* BRAddAccountOperation.m in Sources */,
				0E7A18BE21CCE5B10096E1E6 /* BREnvironment.m in Sources */,
				0E8DFB4721D7A05C00E7E5AC /* BRManagingAppCellView.m in Sources */,
				0E51715C21D2074E000D470E /* BRBuildMenuController.m in Sources */,
				0EB3ED7321E7BC92003F0364 /* BRBuildsRequest.m in Sources */,
				0ED38CDC220DE9000006FE69 /* ASLogLoadingOperation.m in Sources */,
				0EB3ED5521E617FB003F0364 /* BRAPIRequest.m in Sources */,
				0EFD891820F201400023FCCE /* BRAppInfo.m in Sources */,
				0E51715F21D20E96000D470E /* BRActionDispatcher.m in Sources */,
				0E8DFB4D21DA28EC00E7E5AC /* BRKeyInputViewController.m in Sources */,
				0ECFF27A21CD1C10005EC4A4 /* BRSyncDiff.m in Sources */,
				0EDC5DE721BBFB0A00AD41FE /* BRSyncOperation.m in Sources */,
				0EAB9D7C221F0A1A00A21D23 /* BRProgressObserver.m in Sources */,
				0E8DFB4A21D7A7D700E7E5AC /* BRAccountsMenuController.m in Sources */,
				0EF766A621DDDF6C00E64E0C /* BRAddBuildTokenCommand.m in Sources */,
				0E5C720E20F90A5B00E5A082 /* BRObserver.m in Sources */,
				0E93B6FE20F085E8001A6C15 /* BRAccountInfo.m in Sources */,
				0E3C0B132117627700F2EA35 /* BRCommand.m in Sources */,
				0EB3ED7621E88E8C003F0364 /* BRAppsRequest.m in Sources */,
				0E92F5DC223D0111007AC61B /* BRLogStepView.m in Sources */,
				0E3C0B0E211760AC00F2EA35 /* BRDownloadLogsCommand.m in Sources */,
				0E3C0B082117607A00F2EA35 /* BRRebuildCommand.m in Sources */,
			);
			runOnlyForDeploymentPostprocessing = 0;
		};
		0E42CAE720EC7A800033CD03 /* Sources */ = {
			isa = PBXSourcesBuildPhase;
			buildActionMask = 2147483647;
			files = (
				0EFB325D22020B5E0045C376 /* BRLogObserver.m in Sources */,
				0E02C9AF22103ED100FCFE17 /* BRLogsDataSource.m in Sources */,
				0E348F1B2213130A000343A1 /* BRLogLineView.m in Sources */,
				0E92F5DD223D0111007AC61B /* BRLogStepView.m in Sources */,
				0E1E9F23227D81E7002F7ED1 /* BRAnalytics.m in Sources */,
				0EBA9D6D2217F9EF007234EB /* BRLogInfo.m in Sources */,
				0E52AB812242A4A60020A943 /* BRLogStorage.m in Sources */,
				0EAB9D7D221F0A1A00A21D23 /* BRProgressObserver.m in Sources */,
				0EB3ED4A21E336BD003F0364 /* BRStorageTests.m in Sources */,
				0E4AD0822205D65A00257E8E /* BRBuildLog+Mapping.m in Sources */,
				0EAB9DDC2225AD7C00A21D23 /* BRLogsParser.m in Sources */,
				0EAB9DC52222C57E00A21D23 /* BRMockBuilder.m in Sources */,
				0ED38CDD220DE9000006FE69 /* ASLogLoadingOperation.m in Sources */,
				0EAB9D77221F043100A21D23 /* BRLogsWindowPresenter.m in Sources */,
				0E4AD08E2205FEBA00257E8E /* BRLogsViewController.m in Sources */,
				0EAB9DC82222CD2300A21D23 /* BRLogStubBuilder.m in Sources */,
				0EB3ED5021E3453F003F0364 /* BRApp+Mapping.m in Sources */,
				0E4AD08A2205F9D200257E8E /* BRLogsRequest.m in Sources */,
				0EB3ED4E21E3453F003F0364 /* BTRAccount+Mapping.m in Sources */,
				0E1ED8F822282C3400A432B1 /* BRLogsWindowController.m in Sources */,
				0EB3ED4B21E33976003F0364 /* BRStorage.m in Sources */,
				0E1ED8F422282B3200A432B1 /* BRLogStatusView.m in Sources */,
				0EB3ED4D21E33A1D003F0364 /* bitrise.xcdatamodeld in Sources */,
				0E4AD07E2205D01600257E8E /* ASLogObservingOperation.m in Sources */,
				0ED2793D223ABCBA008A35D6 /* BRLogsParserTests.m in Sources */,
				0EDE7D0921B9346200A39CC4 /* BRSyncEngine.m in Sources */,
				0EC53F46221B19F900F47B47 /* BRLogsTextViewController.m in Sources */,
				0EB3ED4F21E3453F003F0364 /* BRBuild+Mapping.m in Sources */,
			);
			runOnlyForDeploymentPostprocessing = 0;
		};
/* End PBXSourcesBuildPhase section */

/* Begin PBXTargetDependency section */
		0E42CAED20EC7A800033CD03 /* PBXTargetDependency */ = {
			isa = PBXTargetDependency;
			target = 0E42CAD420EC7A7E0033CD03 /* Bitrise */;
			targetProxy = 0E42CAEC20EC7A800033CD03 /* PBXContainerItemProxy */;
		};
/* End PBXTargetDependency section */

/* Begin PBXVariantGroup section */
		0E42CAE020EC7A800033CD03 /* Main.storyboard */ = {
			isa = PBXVariantGroup;
			children = (
				0E42CAE120EC7A800033CD03 /* Base */,
			);
			name = Main.storyboard;
			sourceTree = "<group>";
		};
/* End PBXVariantGroup section */

/* Begin XCBuildConfiguration section */
		0E42CAF220EC7A800033CD03 /* Debug */ = {
			isa = XCBuildConfiguration;
			buildSettings = {
				ALWAYS_SEARCH_USER_PATHS = NO;
				CLANG_ANALYZER_NONNULL = YES;
				CLANG_ANALYZER_NUMBER_OBJECT_CONVERSION = YES_AGGRESSIVE;
				CLANG_CXX_LANGUAGE_STANDARD = "gnu++14";
				CLANG_CXX_LIBRARY = "libc++";
				CLANG_ENABLE_MODULES = YES;
				CLANG_ENABLE_OBJC_ARC = YES;
				CLANG_ENABLE_OBJC_WEAK = YES;
				CLANG_WARN_BLOCK_CAPTURE_AUTORELEASING = YES;
				CLANG_WARN_BOOL_CONVERSION = YES;
				CLANG_WARN_COMMA = YES;
				CLANG_WARN_CONSTANT_CONVERSION = YES;
				CLANG_WARN_DEPRECATED_OBJC_IMPLEMENTATIONS = YES;
				CLANG_WARN_DIRECT_OBJC_ISA_USAGE = YES_ERROR;
				CLANG_WARN_DOCUMENTATION_COMMENTS = YES;
				CLANG_WARN_EMPTY_BODY = YES;
				CLANG_WARN_ENUM_CONVERSION = YES;
				CLANG_WARN_INFINITE_RECURSION = YES;
				CLANG_WARN_INT_CONVERSION = YES;
				CLANG_WARN_NON_LITERAL_NULL_CONVERSION = YES;
				CLANG_WARN_OBJC_IMPLICIT_RETAIN_SELF = YES;
				CLANG_WARN_OBJC_LITERAL_CONVERSION = YES;
				CLANG_WARN_OBJC_ROOT_CLASS = YES_ERROR;
				CLANG_WARN_RANGE_LOOP_ANALYSIS = YES;
				CLANG_WARN_STRICT_PROTOTYPES = YES;
				CLANG_WARN_SUSPICIOUS_MOVE = YES;
				CLANG_WARN_UNGUARDED_AVAILABILITY = YES_AGGRESSIVE;
				CLANG_WARN_UNREACHABLE_CODE = YES;
				CLANG_WARN__DUPLICATE_METHOD_MATCH = YES;
				CODE_SIGN_IDENTITY = "Mac Developer";
				COPY_PHASE_STRIP = NO;
				DEBUG_INFORMATION_FORMAT = dwarf;
				ENABLE_STRICT_OBJC_MSGSEND = YES;
				ENABLE_TESTABILITY = YES;
				GCC_C_LANGUAGE_STANDARD = gnu11;
				GCC_DYNAMIC_NO_PIC = NO;
				GCC_NO_COMMON_BLOCKS = YES;
				GCC_OPTIMIZATION_LEVEL = 0;
				GCC_PREPROCESSOR_DEFINITIONS = (
					"DEBUG=1",
					"$(inherited)",
				);
				GCC_WARN_64_TO_32_BIT_CONVERSION = YES;
				GCC_WARN_ABOUT_RETURN_TYPE = YES_ERROR;
				GCC_WARN_UNDECLARED_SELECTOR = YES;
				GCC_WARN_UNINITIALIZED_AUTOS = YES_AGGRESSIVE;
				GCC_WARN_UNUSED_FUNCTION = YES;
				GCC_WARN_UNUSED_VARIABLE = YES;
				MACOSX_DEPLOYMENT_TARGET = 10.13;
				MTL_ENABLE_DEBUG_INFO = INCLUDE_SOURCE;
				ONLY_ACTIVE_ARCH = YES;
				SDKROOT = macosx;
			};
			name = Debug;
		};
		0E42CAF320EC7A800033CD03 /* Release */ = {
			isa = XCBuildConfiguration;
			buildSettings = {
				ALWAYS_SEARCH_USER_PATHS = NO;
				CLANG_ANALYZER_NONNULL = YES;
				CLANG_ANALYZER_NUMBER_OBJECT_CONVERSION = YES_AGGRESSIVE;
				CLANG_CXX_LANGUAGE_STANDARD = "gnu++14";
				CLANG_CXX_LIBRARY = "libc++";
				CLANG_ENABLE_MODULES = YES;
				CLANG_ENABLE_OBJC_ARC = YES;
				CLANG_ENABLE_OBJC_WEAK = YES;
				CLANG_WARN_BLOCK_CAPTURE_AUTORELEASING = YES;
				CLANG_WARN_BOOL_CONVERSION = YES;
				CLANG_WARN_COMMA = YES;
				CLANG_WARN_CONSTANT_CONVERSION = YES;
				CLANG_WARN_DEPRECATED_OBJC_IMPLEMENTATIONS = YES;
				CLANG_WARN_DIRECT_OBJC_ISA_USAGE = YES_ERROR;
				CLANG_WARN_DOCUMENTATION_COMMENTS = YES;
				CLANG_WARN_EMPTY_BODY = YES;
				CLANG_WARN_ENUM_CONVERSION = YES;
				CLANG_WARN_INFINITE_RECURSION = YES;
				CLANG_WARN_INT_CONVERSION = YES;
				CLANG_WARN_NON_LITERAL_NULL_CONVERSION = YES;
				CLANG_WARN_OBJC_IMPLICIT_RETAIN_SELF = YES;
				CLANG_WARN_OBJC_LITERAL_CONVERSION = YES;
				CLANG_WARN_OBJC_ROOT_CLASS = YES_ERROR;
				CLANG_WARN_RANGE_LOOP_ANALYSIS = YES;
				CLANG_WARN_STRICT_PROTOTYPES = YES;
				CLANG_WARN_SUSPICIOUS_MOVE = YES;
				CLANG_WARN_UNGUARDED_AVAILABILITY = YES_AGGRESSIVE;
				CLANG_WARN_UNREACHABLE_CODE = YES;
				CLANG_WARN__DUPLICATE_METHOD_MATCH = YES;
				CODE_SIGN_IDENTITY = "Mac Developer";
				COPY_PHASE_STRIP = NO;
				DEBUG_INFORMATION_FORMAT = "dwarf-with-dsym";
				ENABLE_NS_ASSERTIONS = NO;
				ENABLE_STRICT_OBJC_MSGSEND = YES;
				GCC_C_LANGUAGE_STANDARD = gnu11;
				GCC_NO_COMMON_BLOCKS = YES;
				GCC_WARN_64_TO_32_BIT_CONVERSION = YES;
				GCC_WARN_ABOUT_RETURN_TYPE = YES_ERROR;
				GCC_WARN_UNDECLARED_SELECTOR = YES;
				GCC_WARN_UNINITIALIZED_AUTOS = YES_AGGRESSIVE;
				GCC_WARN_UNUSED_FUNCTION = YES;
				GCC_WARN_UNUSED_VARIABLE = YES;
				MACOSX_DEPLOYMENT_TARGET = 10.13;
				MTL_ENABLE_DEBUG_INFO = NO;
				SDKROOT = macosx;
			};
			name = Release;
		};
		0E42CAF520EC7A800033CD03 /* Debug */ = {
			isa = XCBuildConfiguration;
			baseConfigurationReference = 10B888E305E62BABF755A2BB /* Pods-Bitrise.debug.xcconfig */;
			buildSettings = {
				ASSETCATALOG_COMPILER_APPICON_NAME = AppIcon;
				CODE_SIGN_ENTITLEMENTS = Bitrise/Bitrise.entitlements;
				CODE_SIGN_IDENTITY = "3rd Party Mac Developer Application";
				CODE_SIGN_STYLE = Manual;
				COMBINE_HIDPI_IMAGES = YES;
				DEVELOPMENT_TEAM = AM5334753U;
				ENABLE_HARDENED_RUNTIME = YES;
				GCC_PREPROCESSOR_DEFINITIONS = (
					"$(inherited)",
					"COCOAPODS=1",
					"MIXPANEL_DEBUG=1",
				);
				INFOPLIST_FILE = Bitrise/Info.plist;
				LD_RUNPATH_SEARCH_PATHS = (
					"$(inherited)",
					"@executable_path/../Frameworks",
				);
				LIBRARY_SEARCH_PATHS = (
					"$(inherited)",
					"$(PROJECT_DIR)/Bitrise/Vendored",
				);
				MARKETING_VERSION = 0.4;
				PRODUCT_BUNDLE_IDENTIFIER = com.bitbot;
				PRODUCT_NAME = "$(TARGET_NAME)";
				PROVISIONING_PROFILE_SPECIFIER = "";
			};
			name = Debug;
		};
		0E42CAF620EC7A800033CD03 /* Release */ = {
			isa = XCBuildConfiguration;
			baseConfigurationReference = A9E0CDE8596D9125C3BCDAB6 /* Pods-Bitrise.release.xcconfig */;
			buildSettings = {
				ASSETCATALOG_COMPILER_APPICON_NAME = AppIcon;
				CODE_SIGN_ENTITLEMENTS = Bitrise/Bitrise.entitlements;
				CODE_SIGN_IDENTITY = "3rd Party Mac Developer Application";
				CODE_SIGN_STYLE = Manual;
				COMBINE_HIDPI_IMAGES = YES;
				DEVELOPMENT_TEAM = AM5334753U;
				ENABLE_HARDENED_RUNTIME = YES;
				INFOPLIST_FILE = Bitrise/Info.plist;
				LD_RUNPATH_SEARCH_PATHS = (
					"$(inherited)",
					"@executable_path/../Frameworks",
				);
				LIBRARY_SEARCH_PATHS = (
					"$(inherited)",
					"$(PROJECT_DIR)/Bitrise/Vendored",
				);
				MARKETING_VERSION = 0.4;
				PRODUCT_BUNDLE_IDENTIFIER = com.bitbot;
				PRODUCT_NAME = "$(TARGET_NAME)";
				PROVISIONING_PROFILE_SPECIFIER = "BitBot MAS Profile";
			};
			name = Release;
		};
		0E42CAF820EC7A800033CD03 /* Debug */ = {
			isa = XCBuildConfiguration;
			baseConfigurationReference = 74C0A871342AC9F3D945FEB5 /* Pods-BitriseTests.debug.xcconfig */;
			buildSettings = {
				BUNDLE_LOADER = "$(TEST_HOST)";
				CODE_SIGN_IDENTITY = "Mac Developer";
				CODE_SIGN_STYLE = Manual;
				COMBINE_HIDPI_IMAGES = YES;
				DEVELOPMENT_TEAM = AM5334753U;
				INFOPLIST_FILE = BitriseTests/Info.plist;
				LD_RUNPATH_SEARCH_PATHS = (
					"$(inherited)",
					"@executable_path/../Frameworks",
					"@loader_path/../Frameworks",
				);
				PRODUCT_BUNDLE_IDENTIFIER = BR.BitriseTests;
				PRODUCT_NAME = "$(TARGET_NAME)";
				PROVISIONING_PROFILE_SPECIFIER = "";
				TEST_HOST = "$(BUILT_PRODUCTS_DIR)/Bitrise.app/Contents/MacOS/Bitrise";
			};
			name = Debug;
		};
		0E42CAF920EC7A800033CD03 /* Release */ = {
			isa = XCBuildConfiguration;
			baseConfigurationReference = 1933E73DED40E2A87EF04BC3 /* Pods-BitriseTests.release.xcconfig */;
			buildSettings = {
				BUNDLE_LOADER = "$(TEST_HOST)";
				CODE_SIGN_IDENTITY = "Mac Developer";
				CODE_SIGN_STYLE = Manual;
				COMBINE_HIDPI_IMAGES = YES;
				DEVELOPMENT_TEAM = AM5334753U;
				INFOPLIST_FILE = BitriseTests/Info.plist;
				LD_RUNPATH_SEARCH_PATHS = (
					"$(inherited)",
					"@executable_path/../Frameworks",
					"@loader_path/../Frameworks",
				);
				PRODUCT_BUNDLE_IDENTIFIER = BR.BitriseTests;
				PRODUCT_NAME = "$(TARGET_NAME)";
				PROVISIONING_PROFILE_SPECIFIER = "";
				TEST_HOST = "$(BUILT_PRODUCTS_DIR)/Bitrise.app/Contents/MacOS/Bitrise";
			};
			name = Release;
		};
/* End XCBuildConfiguration section */

/* Begin XCConfigurationList section */
		0E42CAD020EC7A7E0033CD03 /* Build configuration list for PBXProject "Bitrise" */ = {
			isa = XCConfigurationList;
			buildConfigurations = (
				0E42CAF220EC7A800033CD03 /* Debug */,
				0E42CAF320EC7A800033CD03 /* Release */,
			);
			defaultConfigurationIsVisible = 0;
			defaultConfigurationName = Release;
		};
		0E42CAF420EC7A800033CD03 /* Build configuration list for PBXNativeTarget "Bitrise" */ = {
			isa = XCConfigurationList;
			buildConfigurations = (
				0E42CAF520EC7A800033CD03 /* Debug */,
				0E42CAF620EC7A800033CD03 /* Release */,
			);
			defaultConfigurationIsVisible = 0;
			defaultConfigurationName = Release;
		};
		0E42CAF720EC7A800033CD03 /* Build configuration list for PBXNativeTarget "BitriseTests" */ = {
			isa = XCConfigurationList;
			buildConfigurations = (
				0E42CAF820EC7A800033CD03 /* Debug */,
				0E42CAF920EC7A800033CD03 /* Release */,
			);
			defaultConfigurationIsVisible = 0;
			defaultConfigurationName = Release;
		};
/* End XCConfigurationList section */

/* Begin XCVersionGroup section */
		0E42CB0C20EC8AFD0033CD03 /* bitrise.xcdatamodeld */ = {
			isa = XCVersionGroup;
			children = (
				0E42CB0D20EC8AFD0033CD03 /* bitrise.xcdatamodel */,
			);
			currentVersion = 0E42CB0D20EC8AFD0033CD03 /* bitrise.xcdatamodel */;
			path = bitrise.xcdatamodeld;
			sourceTree = "<group>";
			versionGroupType = wrapper.xcdatamodel;
		};
/* End XCVersionGroup section */
	};
	rootObject = 0E42CACD20EC7A7E0033CD03 /* Project object */;
}
